// !$*UTF8*$!
{
	archiveVersion = 1;
	classes = {
	};
	objectVersion = 50;
	objects = {

/* Begin PBXBuildFile section */
		C94727C7249E4E580009B161 /* main.cpp in Sources */ = {isa = PBXBuildFile; fileRef = C94727C6249E4E580009B161 /* main.cpp */; };
		C94727D5249E55B30009B161 /* main.cpp in Sources */ = {isa = PBXBuildFile; fileRef = C94727D4249E55B30009B161 /* main.cpp */; };
		C94727DB249E59DE0009B161 /* lenna.bmp in CopyFiles */ = {isa = PBXBuildFile; fileRef = C94727DA249E57360009B161 /* lenna.bmp */; };
		C9472810249EE9680009B161 /* main.cpp in Sources */ = {isa = PBXBuildFile; fileRef = C947280F249EE9680009B161 /* main.cpp */; };
		C9676224249EEE0000583F8A /* Info.plist in CopyFiles */ = {isa = PBXBuildFile; fileRef = C9676223249EECFB00583F8A /* Info.plist */; };
		C9676226249EF3DF00583F8A /* cafe.mov in CopyFiles */ = {isa = PBXBuildFile; fileRef = C9676225249EF3D800583F8A /* cafe.mov */; };
/* End PBXBuildFile section */

/* Begin PBXCopyFilesBuildPhase section */
		C94727C1249E4E580009B161 /* CopyFiles */ = {
			isa = PBXCopyFilesBuildPhase;
			buildActionMask = 2147483647;
			dstPath = /usr/share/man/man1/;
			dstSubfolderSpec = 0;
			files = (
			);
			runOnlyForDeploymentPostprocessing = 1;
		};
		C94727D0249E55B30009B161 /* CopyFiles */ = {
			isa = PBXCopyFilesBuildPhase;
			buildActionMask = 12;
			dstPath = "";
			dstSubfolderSpec = 7;
			files = (
				C94727DB249E59DE0009B161 /* lenna.bmp in CopyFiles */,
			);
			runOnlyForDeploymentPostprocessing = 0;
		};
		C947280B249EE9680009B161 /* CopyFiles */ = {
			isa = PBXCopyFilesBuildPhase;
			buildActionMask = 12;
			dstPath = "";
			dstSubfolderSpec = 16;
			files = (
				C9676226249EF3DF00583F8A /* cafe.mov in CopyFiles */,
				C9676224249EEE0000583F8A /* Info.plist in CopyFiles */,
			);
			runOnlyForDeploymentPostprocessing = 0;
		};
/* End PBXCopyFilesBuildPhase section */

/* Begin PBXFileReference section */
		C94727C3249E4E580009B161 /* start */ = {isa = PBXFileReference; explicitFileType = "compiled.mach-o.executable"; includeInIndex = 0; path = start; sourceTree = BUILT_PRODUCTS_DIR; };
		C94727C6249E4E580009B161 /* main.cpp */ = {isa = PBXFileReference; lastKnownFileType = sourcecode.cpp.cpp; path = main.cpp; sourceTree = "<group>"; };
		C94727CD249E52EA0009B161 /* start.entitlements */ = {isa = PBXFileReference; lastKnownFileType = text.plist.entitlements; path = start.entitlements; sourceTree = "<group>"; };
		C94727D2249E55B30009B161 /* image */ = {isa = PBXFileReference; explicitFileType = "compiled.mach-o.executable"; includeInIndex = 0; path = image; sourceTree = BUILT_PRODUCTS_DIR; };
		C94727D4249E55B30009B161 /* main.cpp */ = {isa = PBXFileReference; lastKnownFileType = sourcecode.cpp.cpp; name = main.cpp; path = image/main.cpp; sourceTree = SOURCE_ROOT; };
		C94727D9249E55BD0009B161 /* image.entitlements */ = {isa = PBXFileReference; lastKnownFileType = text.plist.entitlements; path = image.entitlements; sourceTree = "<group>"; };
		C94727DA249E57360009B161 /* lenna.bmp */ = {isa = PBXFileReference; lastKnownFileType = image.bmp; name = lenna.bmp; path = image/lenna.bmp; sourceTree = SOURCE_ROOT; };
		C947280D249EE9680009B161 /* video */ = {isa = PBXFileReference; explicitFileType = "compiled.mach-o.executable"; includeInIndex = 0; path = video; sourceTree = BUILT_PRODUCTS_DIR; };
		C947280F249EE9680009B161 /* main.cpp */ = {isa = PBXFileReference; lastKnownFileType = sourcecode.cpp.cpp; name = main.cpp; path = video/main.cpp; sourceTree = SOURCE_ROOT; };
		C9472814249EE9E80009B161 /* video.entitlements */ = {isa = PBXFileReference; lastKnownFileType = text.plist.entitlements; path = video.entitlements; sourceTree = "<group>"; };
		C9676223249EECFB00583F8A /* Info.plist */ = {isa = PBXFileReference; lastKnownFileType = text.plist.xml; path = Info.plist; sourceTree = "<group>"; };
		C9676225249EF3D800583F8A /* cafe.mov */ = {isa = PBXFileReference; lastKnownFileType = video.quicktime; path = cafe.mov; sourceTree = "<group>"; };
/* End PBXFileReference section */

/* Begin PBXFrameworksBuildPhase section */
		C94727C0249E4E580009B161 /* Frameworks */ = {
			isa = PBXFrameworksBuildPhase;
			buildActionMask = 2147483647;
			files = (
			);
			runOnlyForDeploymentPostprocessing = 0;
		};
		C94727CF249E55B30009B161 /* Frameworks */ = {
			isa = PBXFrameworksBuildPhase;
			buildActionMask = 2147483647;
			files = (
			);
			runOnlyForDeploymentPostprocessing = 0;
		};
		C947280A249EE9680009B161 /* Frameworks */ = {
			isa = PBXFrameworksBuildPhase;
			buildActionMask = 2147483647;
			files = (
			);
			runOnlyForDeploymentPostprocessing = 0;
		};
/* End PBXFrameworksBuildPhase section */

/* Begin PBXGroup section */
		C94727BA249E4E580009B161 = {
			isa = PBXGroup;
			children = (
				C94727C5249E4E580009B161 /* start */,
				C94727D3249E55B30009B161 /* image */,
				C947280E249EE9680009B161 /* video */,
				C94727C4249E4E580009B161 /* Products */,
			);
			sourceTree = "<group>";
		};
		C94727C4249E4E580009B161 /* Products */ = {
			isa = PBXGroup;
			children = (
				C94727C3249E4E580009B161 /* start */,
				C94727D2249E55B30009B161 /* image */,
				C947280D249EE9680009B161 /* video */,
			);
			name = Products;
			sourceTree = "<group>";
		};
		C94727C5249E4E580009B161 /* start */ = {
			isa = PBXGroup;
			children = (
				C94727CD249E52EA0009B161 /* start.entitlements */,
				C94727C6249E4E580009B161 /* main.cpp */,
			);
			path = start;
			sourceTree = "<group>";
		};
		C94727D3249E55B30009B161 /* image */ = {
			isa = PBXGroup;
			children = (
				C94727DA249E57360009B161 /* lenna.bmp */,
				C94727D9249E55BD0009B161 /* image.entitlements */,
				C94727D4249E55B30009B161 /* main.cpp */,
			);
			path = image;
			sourceTree = "<group>";
		};
		C947280E249EE9680009B161 /* video */ = {
			isa = PBXGroup;
			children = (
				C9676225249EF3D800583F8A /* cafe.mov */,
				C9472814249EE9E80009B161 /* video.entitlements */,
				C947280F249EE9680009B161 /* main.cpp */,
				C9676223249EECFB00583F8A /* Info.plist */,
			);
			path = video;
			sourceTree = "<group>";
		};
/* End PBXGroup section */

/* Begin PBXNativeTarget section */
		C94727C2249E4E580009B161 /* start */ = {
			isa = PBXNativeTarget;
			buildConfigurationList = C94727CA249E4E580009B161 /* Build configuration list for PBXNativeTarget "start" */;
			buildPhases = (
				C94727BF249E4E580009B161 /* Sources */,
				C94727C0249E4E580009B161 /* Frameworks */,
				C94727C1249E4E580009B161 /* CopyFiles */,
			);
			buildRules = (
			);
			dependencies = (
			);
			name = start;
			productName = start;
			productReference = C94727C3249E4E580009B161 /* start */;
			productType = "com.apple.product-type.tool";
		};
		C94727D1249E55B30009B161 /* image */ = {
			isa = PBXNativeTarget;
			buildConfigurationList = C94727D6249E55B30009B161 /* Build configuration list for PBXNativeTarget "image" */;
			buildPhases = (
				C94727CE249E55B30009B161 /* Sources */,
				C94727CF249E55B30009B161 /* Frameworks */,
				C94727D0249E55B30009B161 /* CopyFiles */,
			);
			buildRules = (
			);
			dependencies = (
			);
			name = image;
			productName = image;
			productReference = C94727D2249E55B30009B161 /* image */;
			productType = "com.apple.product-type.tool";
		};
		C947280C249EE9680009B161 /* video */ = {
			isa = PBXNativeTarget;
			buildConfigurationList = C9472811249EE9680009B161 /* Build configuration list for PBXNativeTarget "video" */;
			buildPhases = (
				C9472809249EE9680009B161 /* Sources */,
				C947280A249EE9680009B161 /* Frameworks */,
				C947280B249EE9680009B161 /* CopyFiles */,
			);
			buildRules = (
			);
			dependencies = (
			);
			name = video;
			productName = video;
			productReference = C947280D249EE9680009B161 /* video */;
			productType = "com.apple.product-type.tool";
		};
/* End PBXNativeTarget section */

/* Begin PBXProject section */
		C94727BB249E4E580009B161 /* Project object */ = {
			isa = PBXProject;
			attributes = {
				LastUpgradeCheck = 1130;
				ORGANIZATIONNAME = rurumimic;
				TargetAttributes = {
					C94727C2249E4E580009B161 = {
						CreatedOnToolsVersion = 11.3.1;
					};
					C94727D1249E55B30009B161 = {
						CreatedOnToolsVersion = 11.3.1;
					};
					C947280C249EE9680009B161 = {
						CreatedOnToolsVersion = 11.3.1;
					};
				};
			};
			buildConfigurationList = C94727BE249E4E580009B161 /* Build configuration list for PBXProject "start" */;
			compatibilityVersion = "Xcode 9.3";
			developmentRegion = en;
			hasScannedForEncodings = 0;
			knownRegions = (
				en,
				Base,
			);
			mainGroup = C94727BA249E4E580009B161;
			productRefGroup = C94727C4249E4E580009B161 /* Products */;
			projectDirPath = "";
			projectRoot = "";
			targets = (
				C94727C2249E4E580009B161 /* start */,
				C94727D1249E55B30009B161 /* image */,
				C947280C249EE9680009B161 /* video */,
			);
		};
/* End PBXProject section */

/* Begin PBXSourcesBuildPhase section */
		C94727BF249E4E580009B161 /* Sources */ = {
			isa = PBXSourcesBuildPhase;
			buildActionMask = 2147483647;
			files = (
				C94727C7249E4E580009B161 /* main.cpp in Sources */,
			);
			runOnlyForDeploymentPostprocessing = 0;
		};
		C94727CE249E55B30009B161 /* Sources */ = {
			isa = PBXSourcesBuildPhase;
			buildActionMask = 2147483647;
			files = (
				C94727D5249E55B30009B161 /* main.cpp in Sources */,
			);
			runOnlyForDeploymentPostprocessing = 0;
		};
		C9472809249EE9680009B161 /* Sources */ = {
			isa = PBXSourcesBuildPhase;
			buildActionMask = 2147483647;
			files = (
				C9472810249EE9680009B161 /* main.cpp in Sources */,
			);
			runOnlyForDeploymentPostprocessing = 0;
		};
/* End PBXSourcesBuildPhase section */

/* Begin XCBuildConfiguration section */
		C94727C8249E4E580009B161 /* Debug */ = {
			isa = XCBuildConfiguration;
			buildSettings = {
				ALWAYS_SEARCH_USER_PATHS = NO;
				CLANG_ANALYZER_NONNULL = YES;
				CLANG_ANALYZER_NUMBER_OBJECT_CONVERSION = YES_AGGRESSIVE;
				CLANG_CXX_LANGUAGE_STANDARD = "gnu++14";
				CLANG_CXX_LIBRARY = "libc++";
				CLANG_ENABLE_MODULES = YES;
				CLANG_ENABLE_OBJC_ARC = YES;
				CLANG_ENABLE_OBJC_WEAK = YES;
				CLANG_WARN_BLOCK_CAPTURE_AUTORELEASING = YES;
				CLANG_WARN_BOOL_CONVERSION = YES;
				CLANG_WARN_COMMA = YES;
				CLANG_WARN_CONSTANT_CONVERSION = YES;
				CLANG_WARN_DEPRECATED_OBJC_IMPLEMENTATIONS = YES;
				CLANG_WARN_DIRECT_OBJC_ISA_USAGE = YES_ERROR;
				CLANG_WARN_DOCUMENTATION_COMMENTS = YES;
				CLANG_WARN_EMPTY_BODY = YES;
				CLANG_WARN_ENUM_CONVERSION = YES;
				CLANG_WARN_INFINITE_RECURSION = YES;
				CLANG_WARN_INT_CONVERSION = YES;
				CLANG_WARN_NON_LITERAL_NULL_CONVERSION = YES;
				CLANG_WARN_OBJC_IMPLICIT_RETAIN_SELF = YES;
				CLANG_WARN_OBJC_LITERAL_CONVERSION = YES;
				CLANG_WARN_OBJC_ROOT_CLASS = YES_ERROR;
				CLANG_WARN_RANGE_LOOP_ANALYSIS = YES;
				CLANG_WARN_STRICT_PROTOTYPES = YES;
				CLANG_WARN_SUSPICIOUS_MOVE = YES;
				CLANG_WARN_UNGUARDED_AVAILABILITY = YES_AGGRESSIVE;
				CLANG_WARN_UNREACHABLE_CODE = YES;
				CLANG_WARN__DUPLICATE_METHOD_MATCH = YES;
				COPY_PHASE_STRIP = NO;
				DEBUG_INFORMATION_FORMAT = dwarf;
				ENABLE_STRICT_OBJC_MSGSEND = YES;
				ENABLE_TESTABILITY = YES;
				GCC_C_LANGUAGE_STANDARD = gnu11;
				GCC_DYNAMIC_NO_PIC = NO;
				GCC_NO_COMMON_BLOCKS = YES;
				GCC_OPTIMIZATION_LEVEL = 0;
				GCC_PREPROCESSOR_DEFINITIONS = (
					"DEBUG=1",
					"$(inherited)",
				);
				GCC_WARN_64_TO_32_BIT_CONVERSION = YES;
				GCC_WARN_ABOUT_RETURN_TYPE = YES_ERROR;
				GCC_WARN_UNDECLARED_SELECTOR = YES;
				GCC_WARN_UNINITIALIZED_AUTOS = YES_AGGRESSIVE;
				GCC_WARN_UNUSED_FUNCTION = YES;
				GCC_WARN_UNUSED_VARIABLE = YES;
				HEADER_SEARCH_PATHS = "/usr/local/Cellar/opencv/4.3.0_5/include/**";
				LIBRARY_SEARCH_PATHS = "/usr/local/Cellar/opencv/4.3.0_5/lib/**";
				MACOSX_DEPLOYMENT_TARGET = 10.14;
				MTL_ENABLE_DEBUG_INFO = INCLUDE_SOURCE;
				MTL_FAST_MATH = YES;
				ONLY_ACTIVE_ARCH = YES;
				OTHER_LDFLAGS = (
					"-I/usr/local/Cellar/opencv/4.3.0_5/include/opencv4/opencv",
					"-I/usr/local/Cellar/opencv/4.3.0_5/include/opencv4",
					"-L/usr/local/Cellar/opencv/4.3.0_5/lib",
					"-lopencv_gapi",
					"-lopencv_stitching",
					"-lopencv_alphamat",
					"-lopencv_aruco",
					"-lopencv_bgsegm",
					"-lopencv_bioinspired",
					"-lopencv_ccalib",
					"-lopencv_dnn_objdetect",
					"-lopencv_dnn_superres",
					"-lopencv_dpm",
					"-lopencv_highgui",
					"-lopencv_face",
					"-lopencv_freetype",
					"-lopencv_fuzzy",
					"-lopencv_hfs",
					"-lopencv_img_hash",
					"-lopencv_intensity_transform",
					"-lopencv_line_descriptor",
					"-lopencv_quality",
					"-lopencv_rapid",
					"-lopencv_reg",
					"-lopencv_rgbd",
					"-lopencv_saliency",
					"-lopencv_sfm",
					"-lopencv_stereo",
					"-lopencv_structured_light",
					"-lopencv_phase_unwrapping",
					"-lopencv_superres",
					"-lopencv_optflow",
					"-lopencv_surface_matching",
					"-lopencv_tracking",
					"-lopencv_datasets",
					"-lopencv_text",
					"-lopencv_dnn",
					"-lopencv_plot",
					"-lopencv_videostab",
					"-lopencv_videoio",
					"-lopencv_xfeatures2d",
					"-lopencv_shape",
					"-lopencv_ml",
					"-lopencv_ximgproc",
					"-lopencv_video",
					"-lopencv_xobjdetect",
					"-lopencv_objdetect",
					"-lopencv_calib3d",
					"-lopencv_imgcodecs",
					"-lopencv_features2d",
					"-lopencv_flann",
					"-lopencv_xphoto",
					"-lopencv_photo",
					"-lopencv_imgproc",
					"-lopencv_core",
				);
				SDKROOT = macosx;
			};
			name = Debug;
		};
		C94727C9249E4E580009B161 /* Release */ = {
			isa = XCBuildConfiguration;
			buildSettings = {
				ALWAYS_SEARCH_USER_PATHS = NO;
				CLANG_ANALYZER_NONNULL = YES;
				CLANG_ANALYZER_NUMBER_OBJECT_CONVERSION = YES_AGGRESSIVE;
				CLANG_CXX_LANGUAGE_STANDARD = "gnu++14";
				CLANG_CXX_LIBRARY = "libc++";
				CLANG_ENABLE_MODULES = YES;
				CLANG_ENABLE_OBJC_ARC = YES;
				CLANG_ENABLE_OBJC_WEAK = YES;
				CLANG_WARN_BLOCK_CAPTURE_AUTORELEASING = YES;
				CLANG_WARN_BOOL_CONVERSION = YES;
				CLANG_WARN_COMMA = YES;
				CLANG_WARN_CONSTANT_CONVERSION = YES;
				CLANG_WARN_DEPRECATED_OBJC_IMPLEMENTATIONS = YES;
				CLANG_WARN_DIRECT_OBJC_ISA_USAGE = YES_ERROR;
				CLANG_WARN_DOCUMENTATION_COMMENTS = YES;
				CLANG_WARN_EMPTY_BODY = YES;
				CLANG_WARN_ENUM_CONVERSION = YES;
				CLANG_WARN_INFINITE_RECURSION = YES;
				CLANG_WARN_INT_CONVERSION = YES;
				CLANG_WARN_NON_LITERAL_NULL_CONVERSION = YES;
				CLANG_WARN_OBJC_IMPLICIT_RETAIN_SELF = YES;
				CLANG_WARN_OBJC_LITERAL_CONVERSION = YES;
				CLANG_WARN_OBJC_ROOT_CLASS = YES_ERROR;
				CLANG_WARN_RANGE_LOOP_ANALYSIS = YES;
				CLANG_WARN_STRICT_PROTOTYPES = YES;
				CLANG_WARN_SUSPICIOUS_MOVE = YES;
				CLANG_WARN_UNGUARDED_AVAILABILITY = YES_AGGRESSIVE;
				CLANG_WARN_UNREACHABLE_CODE = YES;
				CLANG_WARN__DUPLICATE_METHOD_MATCH = YES;
				COPY_PHASE_STRIP = NO;
				DEBUG_INFORMATION_FORMAT = "dwarf-with-dsym";
				ENABLE_NS_ASSERTIONS = NO;
				ENABLE_STRICT_OBJC_MSGSEND = YES;
				GCC_C_LANGUAGE_STANDARD = gnu11;
				GCC_NO_COMMON_BLOCKS = YES;
				GCC_WARN_64_TO_32_BIT_CONVERSION = YES;
				GCC_WARN_ABOUT_RETURN_TYPE = YES_ERROR;
				GCC_WARN_UNDECLARED_SELECTOR = YES;
				GCC_WARN_UNINITIALIZED_AUTOS = YES_AGGRESSIVE;
				GCC_WARN_UNUSED_FUNCTION = YES;
				GCC_WARN_UNUSED_VARIABLE = YES;
				HEADER_SEARCH_PATHS = "/usr/local/Cellar/opencv/4.3.0_5/include/**";
				LIBRARY_SEARCH_PATHS = "/usr/local/Cellar/opencv/4.3.0_5/lib/**";
				MACOSX_DEPLOYMENT_TARGET = 10.14;
				MTL_ENABLE_DEBUG_INFO = NO;
				MTL_FAST_MATH = YES;
				OTHER_LDFLAGS = (
					"-I/usr/local/Cellar/opencv/4.3.0_5/include/opencv4/opencv",
					"-I/usr/local/Cellar/opencv/4.3.0_5/include/opencv4",
					"-L/usr/local/Cellar/opencv/4.3.0_5/lib",
					"-lopencv_gapi",
					"-lopencv_stitching",
					"-lopencv_alphamat",
					"-lopencv_aruco",
					"-lopencv_bgsegm",
					"-lopencv_bioinspired",
					"-lopencv_ccalib",
					"-lopencv_dnn_objdetect",
					"-lopencv_dnn_superres",
					"-lopencv_dpm",
					"-lopencv_highgui",
					"-lopencv_face",
					"-lopencv_freetype",
					"-lopencv_fuzzy",
					"-lopencv_hfs",
					"-lopencv_img_hash",
					"-lopencv_intensity_transform",
					"-lopencv_line_descriptor",
					"-lopencv_quality",
					"-lopencv_rapid",
					"-lopencv_reg",
					"-lopencv_rgbd",
					"-lopencv_saliency",
					"-lopencv_sfm",
					"-lopencv_stereo",
					"-lopencv_structured_light",
					"-lopencv_phase_unwrapping",
					"-lopencv_superres",
					"-lopencv_optflow",
					"-lopencv_surface_matching",
					"-lopencv_tracking",
					"-lopencv_datasets",
					"-lopencv_text",
					"-lopencv_dnn",
					"-lopencv_plot",
					"-lopencv_videostab",
					"-lopencv_videoio",
					"-lopencv_xfeatures2d",
					"-lopencv_shape",
					"-lopencv_ml",
					"-lopencv_ximgproc",
					"-lopencv_video",
					"-lopencv_xobjdetect",
					"-lopencv_objdetect",
					"-lopencv_calib3d",
					"-lopencv_imgcodecs",
					"-lopencv_features2d",
					"-lopencv_flann",
					"-lopencv_xphoto",
					"-lopencv_photo",
					"-lopencv_imgproc",
					"-lopencv_core",
				);
				SDKROOT = macosx;
			};
			name = Release;
		};
		C94727CB249E4E580009B161 /* Debug */ = {
			isa = XCBuildConfiguration;
			buildSettings = {
				CODE_SIGN_ENTITLEMENTS = start/start.entitlements;
				CODE_SIGN_STYLE = Automatic;
				DEVELOPMENT_TEAM = 65J2F745DV;
				ENABLE_HARDENED_RUNTIME = YES;
				HEADER_SEARCH_PATHS = "/usr/local/Cellar/opencv/4.3.0_5/include/**";
				LIBRARY_SEARCH_PATHS = "/usr/local/Cellar/opencv/4.3.0_5/lib/**";
				OTHER_LDFLAGS = (
					"-I/usr/local/Cellar/opencv/4.3.0_5/include/opencv4/opencv",
					"-I/usr/local/Cellar/opencv/4.3.0_5/include/opencv4",
					"-L/usr/local/Cellar/opencv/4.3.0_5/lib",
					"-lopencv_gapi",
					"-lopencv_stitching",
					"-lopencv_alphamat",
					"-lopencv_aruco",
					"-lopencv_bgsegm",
					"-lopencv_bioinspired",
					"-lopencv_ccalib",
					"-lopencv_dnn_objdetect",
					"-lopencv_dnn_superres",
					"-lopencv_dpm",
					"-lopencv_highgui",
					"-lopencv_face",
					"-lopencv_freetype",
					"-lopencv_fuzzy",
					"-lopencv_hfs",
					"-lopencv_img_hash",
					"-lopencv_intensity_transform",
					"-lopencv_line_descriptor",
					"-lopencv_quality",
					"-lopencv_rapid",
					"-lopencv_reg",
					"-lopencv_rgbd",
					"-lopencv_saliency",
					"-lopencv_sfm",
					"-lopencv_stereo",
					"-lopencv_structured_light",
					"-lopencv_phase_unwrapping",
					"-lopencv_superres",
					"-lopencv_optflow",
					"-lopencv_surface_matching",
					"-lopencv_tracking",
					"-lopencv_datasets",
					"-lopencv_text",
					"-lopencv_dnn",
					"-lopencv_plot",
					"-lopencv_videostab",
					"-lopencv_videoio",
					"-lopencv_xfeatures2d",
					"-lopencv_shape",
					"-lopencv_ml",
					"-lopencv_ximgproc",
					"-lopencv_video",
					"-lopencv_xobjdetect",
					"-lopencv_objdetect",
					"-lopencv_calib3d",
					"-lopencv_imgcodecs",
					"-lopencv_features2d",
					"-lopencv_flann",
					"-lopencv_xphoto",
					"-lopencv_photo",
					"-lopencv_imgproc",
					"-lopencv_core",
				);
				PRODUCT_NAME = "$(TARGET_NAME)";
			};
			name = Debug;
		};
		C94727CC249E4E580009B161 /* Release */ = {
			isa = XCBuildConfiguration;
			buildSettings = {
				CODE_SIGN_ENTITLEMENTS = start/start.entitlements;
				CODE_SIGN_STYLE = Automatic;
				DEVELOPMENT_TEAM = 65J2F745DV;
				ENABLE_HARDENED_RUNTIME = YES;
				HEADER_SEARCH_PATHS = "/usr/local/Cellar/opencv/4.3.0_5/include/**";
				LIBRARY_SEARCH_PATHS = "/usr/local/Cellar/opencv/4.3.0_5/lib/**";
				OTHER_LDFLAGS = (
					"-I/usr/local/Cellar/opencv/4.3.0_5/include/opencv4/opencv",
					"-I/usr/local/Cellar/opencv/4.3.0_5/include/opencv4",
					"-L/usr/local/Cellar/opencv/4.3.0_5/lib",
					"-lopencv_gapi",
					"-lopencv_stitching",
					"-lopencv_alphamat",
					"-lopencv_aruco",
					"-lopencv_bgsegm",
					"-lopencv_bioinspired",
					"-lopencv_ccalib",
					"-lopencv_dnn_objdetect",
					"-lopencv_dnn_superres",
					"-lopencv_dpm",
					"-lopencv_highgui",
					"-lopencv_face",
					"-lopencv_freetype",
					"-lopencv_fuzzy",
					"-lopencv_hfs",
					"-lopencv_img_hash",
					"-lopencv_intensity_transform",
					"-lopencv_line_descriptor",
					"-lopencv_quality",
					"-lopencv_rapid",
					"-lopencv_reg",
					"-lopencv_rgbd",
					"-lopencv_saliency",
					"-lopencv_sfm",
					"-lopencv_stereo",
					"-lopencv_structured_light",
					"-lopencv_phase_unwrapping",
					"-lopencv_superres",
					"-lopencv_optflow",
					"-lopencv_surface_matching",
					"-lopencv_tracking",
					"-lopencv_datasets",
					"-lopencv_text",
					"-lopencv_dnn",
					"-lopencv_plot",
					"-lopencv_videostab",
					"-lopencv_videoio",
					"-lopencv_xfeatures2d",
					"-lopencv_shape",
					"-lopencv_ml",
					"-lopencv_ximgproc",
					"-lopencv_video",
					"-lopencv_xobjdetect",
					"-lopencv_objdetect",
					"-lopencv_calib3d",
					"-lopencv_imgcodecs",
					"-lopencv_features2d",
					"-lopencv_flann",
					"-lopencv_xphoto",
					"-lopencv_photo",
					"-lopencv_imgproc",
					"-lopencv_core",
				);
				PRODUCT_NAME = "$(TARGET_NAME)";
			};
			name = Release;
		};
		C94727D7249E55B30009B161 /* Debug */ = {
			isa = XCBuildConfiguration;
			buildSettings = {
				CODE_SIGN_ENTITLEMENTS = image/image.entitlements;
				CODE_SIGN_STYLE = Automatic;
				DEVELOPMENT_TEAM = 65J2F745DV;
				ENABLE_HARDENED_RUNTIME = YES;
				HEADER_SEARCH_PATHS = "/usr/local/Cellar/opencv/4.3.0_5/include/**";
				LIBRARY_SEARCH_PATHS = "/usr/local/Cellar/opencv/4.3.0_5/lib/**";
				OTHER_LDFLAGS = (
					"-I/usr/local/Cellar/opencv/4.3.0_5/include/opencv4/opencv",
					"-I/usr/local/Cellar/opencv/4.3.0_5/include/opencv4",
					"-L/usr/local/Cellar/opencv/4.3.0_5/lib",
					"-lopencv_gapi",
					"-lopencv_stitching",
					"-lopencv_alphamat",
					"-lopencv_aruco",
					"-lopencv_bgsegm",
					"-lopencv_bioinspired",
					"-lopencv_ccalib",
					"-lopencv_dnn_objdetect",
					"-lopencv_dnn_superres",
					"-lopencv_dpm",
					"-lopencv_highgui",
					"-lopencv_face",
					"-lopencv_freetype",
					"-lopencv_fuzzy",
					"-lopencv_hfs",
					"-lopencv_img_hash",
					"-lopencv_intensity_transform",
					"-lopencv_line_descriptor",
					"-lopencv_quality",
					"-lopencv_rapid",
					"-lopencv_reg",
					"-lopencv_rgbd",
					"-lopencv_saliency",
					"-lopencv_sfm",
					"-lopencv_stereo",
					"-lopencv_structured_light",
					"-lopencv_phase_unwrapping",
					"-lopencv_superres",
					"-lopencv_optflow",
					"-lopencv_surface_matching",
					"-lopencv_tracking",
					"-lopencv_datasets",
					"-lopencv_text",
					"-lopencv_dnn",
					"-lopencv_plot",
					"-lopencv_videostab",
					"-lopencv_videoio",
					"-lopencv_xfeatures2d",
					"-lopencv_shape",
					"-lopencv_ml",
					"-lopencv_ximgproc",
					"-lopencv_video",
					"-lopencv_xobjdetect",
					"-lopencv_objdetect",
					"-lopencv_calib3d",
					"-lopencv_imgcodecs",
					"-lopencv_features2d",
					"-lopencv_flann",
					"-lopencv_xphoto",
					"-lopencv_photo",
					"-lopencv_imgproc",
					"-lopencv_core",
				);
				PRODUCT_NAME = "$(TARGET_NAME)";
			};
			name = Debug;
		};
		C94727D8249E55B30009B161 /* Release */ = {
			isa = XCBuildConfiguration;
			buildSettings = {
				CODE_SIGN_ENTITLEMENTS = image/image.entitlements;
				CODE_SIGN_STYLE = Automatic;
				DEVELOPMENT_TEAM = 65J2F745DV;
				ENABLE_HARDENED_RUNTIME = YES;
				HEADER_SEARCH_PATHS = "/usr/local/Cellar/opencv/4.3.0_5/include/**";
				LIBRARY_SEARCH_PATHS = "/usr/local/Cellar/opencv/4.3.0_5/lib/**";
				OTHER_LDFLAGS = (
					"-I/usr/local/Cellar/opencv/4.3.0_5/include/opencv4/opencv",
					"-I/usr/local/Cellar/opencv/4.3.0_5/include/opencv4",
					"-L/usr/local/Cellar/opencv/4.3.0_5/lib",
					"-lopencv_gapi",
					"-lopencv_stitching",
					"-lopencv_alphamat",
					"-lopencv_aruco",
					"-lopencv_bgsegm",
					"-lopencv_bioinspired",
					"-lopencv_ccalib",
					"-lopencv_dnn_objdetect",
					"-lopencv_dnn_superres",
					"-lopencv_dpm",
					"-lopencv_highgui",
					"-lopencv_face",
					"-lopencv_freetype",
					"-lopencv_fuzzy",
					"-lopencv_hfs",
					"-lopencv_img_hash",
					"-lopencv_intensity_transform",
					"-lopencv_line_descriptor",
					"-lopencv_quality",
					"-lopencv_rapid",
					"-lopencv_reg",
					"-lopencv_rgbd",
					"-lopencv_saliency",
					"-lopencv_sfm",
					"-lopencv_stereo",
					"-lopencv_structured_light",
					"-lopencv_phase_unwrapping",
					"-lopencv_superres",
					"-lopencv_optflow",
					"-lopencv_surface_matching",
					"-lopencv_tracking",
					"-lopencv_datasets",
					"-lopencv_text",
					"-lopencv_dnn",
					"-lopencv_plot",
					"-lopencv_videostab",
					"-lopencv_videoio",
					"-lopencv_xfeatures2d",
					"-lopencv_shape",
					"-lopencv_ml",
					"-lopencv_ximgproc",
					"-lopencv_video",
					"-lopencv_xobjdetect",
					"-lopencv_objdetect",
					"-lopencv_calib3d",
					"-lopencv_imgcodecs",
					"-lopencv_features2d",
					"-lopencv_flann",
					"-lopencv_xphoto",
					"-lopencv_photo",
					"-lopencv_imgproc",
					"-lopencv_core",
				);
				PRODUCT_NAME = "$(TARGET_NAME)";
			};
			name = Release;
		};
		C9472812249EE9680009B161 /* Debug */ = {
			isa = XCBuildConfiguration;
			buildSettings = {
				CODE_SIGN_ENTITLEMENTS = video/video.entitlements;
				CODE_SIGN_STYLE = Automatic;
				DEVELOPMENT_TEAM = 65J2F745DV;
				ENABLE_HARDENED_RUNTIME = YES;
				HEADER_SEARCH_PATHS = "/usr/local/Cellar/opencv/4.3.0_5/include/**";
				INFOPLIST_FILE = "$(SRCROOT)/video/Info.plist";
				LIBRARY_SEARCH_PATHS = "/usr/local/Cellar/opencv/4.3.0_5/lib/**";
				OTHER_LDFLAGS = (
					"-I/usr/local/Cellar/opencv/4.3.0_5/include/opencv4/opencv",
					"-I/usr/local/Cellar/opencv/4.3.0_5/include/opencv4",
					"-L/usr/local/Cellar/opencv/4.3.0_5/lib",
					"-lopencv_gapi",
					"-lopencv_stitching",
					"-lopencv_alphamat",
					"-lopencv_aruco",
					"-lopencv_bgsegm",
					"-lopencv_bioinspired",
					"-lopencv_ccalib",
					"-lopencv_dnn_objdetect",
					"-lopencv_dnn_superres",
					"-lopencv_dpm",
					"-lopencv_highgui",
					"-lopencv_face",
					"-lopencv_freetype",
					"-lopencv_fuzzy",
					"-lopencv_hfs",
					"-lopencv_img_hash",
					"-lopencv_intensity_transform",
					"-lopencv_line_descriptor",
					"-lopencv_quality",
					"-lopencv_rapid",
					"-lopencv_reg",
					"-lopencv_rgbd",
					"-lopencv_saliency",
					"-lopencv_sfm",
					"-lopencv_stereo",
					"-lopencv_structured_light",
					"-lopencv_phase_unwrapping",
					"-lopencv_superres",
					"-lopencv_optflow",
					"-lopencv_surface_matching",
					"-lopencv_tracking",
					"-lopencv_datasets",
					"-lopencv_text",
					"-lopencv_dnn",
					"-lopencv_plot",
					"-lopencv_videostab",
					"-lopencv_videoio",
					"-lopencv_xfeatures2d",
					"-lopencv_shape",
					"-lopencv_ml",
					"-lopencv_ximgproc",
					"-lopencv_video",
					"-lopencv_xobjdetect",
					"-lopencv_objdetect",
					"-lopencv_calib3d",
					"-lopencv_imgcodecs",
					"-lopencv_features2d",
					"-lopencv_flann",
					"-lopencv_xphoto",
					"-lopencv_photo",
					"-lopencv_imgproc",
					"-lopencv_core",
				);
				PRODUCT_NAME = "$(TARGET_NAME)";
			};
			name = Debug;
		};
		C9472813249EE9680009B161 /* Release */ = {
			isa = XCBuildConfiguration;
			buildSettings = {
				CODE_SIGN_ENTITLEMENTS = video/video.entitlements;
				CODE_SIGN_STYLE = Automatic;
				DEVELOPMENT_TEAM = 65J2F745DV;
				ENABLE_HARDENED_RUNTIME = YES;
				HEADER_SEARCH_PATHS = "/usr/local/Cellar/opencv/4.3.0_5/include/**";
				INFOPLIST_FILE = "$(SRCROOT)/video/Info.plist";
				LIBRARY_SEARCH_PATHS = "/usr/local/Cellar/opencv/4.3.0_5/lib/**";
				OTHER_LDFLAGS = (
					"-I/usr/local/Cellar/opencv/4.3.0_5/include/opencv4/opencv",
					"-I/usr/local/Cellar/opencv/4.3.0_5/include/opencv4",
					"-L/usr/local/Cellar/opencv/4.3.0_5/lib",
					"-lopencv_gapi",
					"-lopencv_stitching",
					"-lopencv_alphamat",
					"-lopencv_aruco",
					"-lopencv_bgsegm",
					"-lopencv_bioinspired",
					"-lopencv_ccalib",
					"-lopencv_dnn_objdetect",
					"-lopencv_dnn_superres",
					"-lopencv_dpm",
					"-lopencv_highgui",
					"-lopencv_face",
					"-lopencv_freetype",
					"-lopencv_fuzzy",
					"-lopencv_hfs",
					"-lopencv_img_hash",
					"-lopencv_intensity_transform",
					"-lopencv_line_descriptor",
					"-lopencv_quality",
					"-lopencv_rapid",
					"-lopencv_reg",
					"-lopencv_rgbd",
					"-lopencv_saliency",
					"-lopencv_sfm",
					"-lopencv_stereo",
					"-lopencv_structured_light",
					"-lopencv_phase_unwrapping",
					"-lopencv_superres",
					"-lopencv_optflow",
					"-lopencv_surface_matching",
					"-lopencv_tracking",
					"-lopencv_datasets",
					"-lopencv_text",
					"-lopencv_dnn",
					"-lopencv_plot",
					"-lopencv_videostab",
					"-lopencv_videoio",
					"-lopencv_xfeatures2d",
					"-lopencv_shape",
					"-lopencv_ml",
					"-lopencv_ximgproc",
					"-lopencv_video",
					"-lopencv_xobjdetect",
					"-lopencv_objdetect",
					"-lopencv_calib3d",
					"-lopencv_imgcodecs",
					"-lopencv_features2d",
					"-lopencv_flann",
					"-lopencv_xphoto",
					"-lopencv_photo",
					"-lopencv_imgproc",
					"-lopencv_core",
				);
				PRODUCT_NAME = "$(TARGET_NAME)";
			};
			name = Release;
		};
/* End XCBuildConfiguration section */

/* Begin XCConfigurationList section */
		C94727BE249E4E580009B161 /* Build configuration list for PBXProject "start" */ = {
			isa = XCConfigurationList;
			buildConfigurations = (
				C94727C8249E4E580009B161 /* Debug */,
				C94727C9249E4E580009B161 /* Release */,
			);
			defaultConfigurationIsVisible = 0;
			defaultConfigurationName = Release;
		};
		C94727CA249E4E580009B161 /* Build configuration list for PBXNativeTarget "start" */ = {
			isa = XCConfigurationList;
			buildConfigurations = (
				C94727CB249E4E580009B161 /* Debug */,
				C94727CC249E4E580009B161 /* Release */,
			);
			defaultConfigurationIsVisible = 0;
			defaultConfigurationName = Release;
		};
		C94727D6249E55B30009B161 /* Build configuration list for PBXNativeTarget "image" */ = {
			isa = XCConfigurationList;
			buildConfigurations = (
				C94727D7249E55B30009B161 /* Debug */,
				C94727D8249E55B30009B161 /* Release */,
			);
			defaultConfigurationIsVisible = 0;
			defaultConfigurationName = Release;
		};
		C9472811249EE9680009B161 /* Build configuration list for PBXNativeTarget "video" */ = {
			isa = XCConfigurationList;
			buildConfigurations = (
				C9472812249EE9680009B161 /* Debug */,
				C9472813249EE9680009B161 /* Release */,
			);
			defaultConfigurationIsVisible = 0;
			defaultConfigurationName = Release;
		};
/* End XCConfigurationList section */
	};
	rootObject = C94727BB249E4E580009B161 /* Project object */;
}
