// !$*UTF8*$!
{
	archiveVersion = 1;
	classes = {
	};
	objectVersion = 50;
	objects = {

/* Begin PBXBuildFile section */
		C915B28824A82BBE00594E29 /* main.cpp in Sources */ = {isa = PBXBuildFile; fileRef = C915B28724A82BBE00594E29 /* main.cpp */; };
		C915B28E24A82BD900594E29 /* lenna.bmp in CopyFiles */ = {isa = PBXBuildFile; fileRef = C915B28D24A82BD200594E29 /* lenna.bmp */; };
		C915B29724A8993B00594E29 /* main.cpp in Sources */ = {isa = PBXBuildFile; fileRef = C915B29624A8993B00594E29 /* main.cpp */; };
		C915B29B24A8997900594E29 /* lenna.bmp in CopyFiles */ = {isa = PBXBuildFile; fileRef = C915B28D24A82BD200594E29 /* lenna.bmp */; };
		C915B2A424A8A53F00594E29 /* main.cpp in Sources */ = {isa = PBXBuildFile; fileRef = C915B2A324A8A53F00594E29 /* main.cpp */; };
		C915B2A924A8A84700594E29 /* lenna.bmp in CopyFiles */ = {isa = PBXBuildFile; fileRef = C915B28D24A82BD200594E29 /* lenna.bmp */; };
		C915B2AB24A8BCC300594E29 /* hawkes.bmp in CopyFiles */ = {isa = PBXBuildFile; fileRef = C915B2AA24A8BCBC00594E29 /* hawkes.bmp */; };
		C915B2B324A8BF7800594E29 /* main.cpp in Sources */ = {isa = PBXBuildFile; fileRef = C915B2B224A8BF7800594E29 /* main.cpp */; };
		C915B2B924A8C19F00594E29 /* lenna.bmp in CopyFiles */ = {isa = PBXBuildFile; fileRef = C915B28D24A82BD200594E29 /* lenna.bmp */; };
		C915B2BB24A8C54500594E29 /* night.jpg in CopyFiles */ = {isa = PBXBuildFile; fileRef = C915B2BA24A8C53B00594E29 /* night.jpg */; };
		C915B2BD24A8C84600594E29 /* square.bmp in CopyFiles */ = {isa = PBXBuildFile; fileRef = C915B2BC24A8C83F00594E29 /* square.bmp */; };
		C915B2BF24A8C88C00594E29 /* lenna256.bmp in CopyFiles */ = {isa = PBXBuildFile; fileRef = C915B2BE24A8C88800594E29 /* lenna256.bmp */; };
		C94727C7249E4E580009B161 /* main.cpp in Sources */ = {isa = PBXBuildFile; fileRef = C94727C6249E4E580009B161 /* main.cpp */; };
		C94727D5249E55B30009B161 /* main.cpp in Sources */ = {isa = PBXBuildFile; fileRef = C94727D4249E55B30009B161 /* main.cpp */; };
		C94727DB249E59DE0009B161 /* lenna.bmp in CopyFiles */ = {isa = PBXBuildFile; fileRef = C94727DA249E57360009B161 /* lenna.bmp */; };
		C9472810249EE9680009B161 /* main.cpp in Sources */ = {isa = PBXBuildFile; fileRef = C947280F249EE9680009B161 /* main.cpp */; };
		C964EBF124BAD38B00FBE442 /* main.cpp in Sources */ = {isa = PBXBuildFile; fileRef = C964EBF024BAD38B00FBE442 /* main.cpp */; };
		C964EBF524BAD39D00FBE442 /* lenna.bmp in CopyFiles */ = {isa = PBXBuildFile; fileRef = C915B28D24A82BD200594E29 /* lenna.bmp */; };
		C964EBF824BAE35100FBE442 /* building.jpg in CopyFiles */ = {isa = PBXBuildFile; fileRef = C964EBF724BAE34800FBE442 /* building.jpg */; };
		C964EBFA24BAE7FF00FBE442 /* coins.png in CopyFiles */ = {isa = PBXBuildFile; fileRef = C964EBF924BAE7F900FBE442 /* coins.png */; };
		C964EC0224BB1E5900FBE442 /* main.cpp in Sources */ = {isa = PBXBuildFile; fileRef = C964EC0124BB1E5900FBE442 /* main.cpp */; };
		C964EC0724BB1E7400FBE442 /* lenna.bmp in CopyFiles */ = {isa = PBXBuildFile; fileRef = C915B28D24A82BD200594E29 /* lenna.bmp */; };
		C964EC0F24BB2E9400FBE442 /* main.cpp in Sources */ = {isa = PBXBuildFile; fileRef = C964EC0E24BB2E9400FBE442 /* main.cpp */; };
		C964EC1324BB2EAA00FBE442 /* lenna.bmp in CopyFiles */ = {isa = PBXBuildFile; fileRef = C915B28D24A82BD200594E29 /* lenna.bmp */; };
		C964EC1A24BB38CC00FBE442 /* kids.png in CopyFiles */ = {isa = PBXBuildFile; fileRef = C964EC1824BB38C400FBE442 /* kids.png */; };
		C964EC1B24BB38CC00FBE442 /* mask.bmp in CopyFiles */ = {isa = PBXBuildFile; fileRef = C964EC1924BB38C400FBE442 /* mask.bmp */; };
		C964EC1C24BB38CC00FBE442 /* ref.png in CopyFiles */ = {isa = PBXBuildFile; fileRef = C964EC1724BB38C400FBE442 /* ref.png */; };
		C9676224249EEE0000583F8A /* Info.plist in CopyFiles */ = {isa = PBXBuildFile; fileRef = C9676223249EECFB00583F8A /* Info.plist */; };
		C9676226249EF3DF00583F8A /* cafe.mov in CopyFiles */ = {isa = PBXBuildFile; fileRef = C9676225249EF3D800583F8A /* cafe.mov */; };
		C96E81A924B190E60066A657 /* main.cpp in Sources */ = {isa = PBXBuildFile; fileRef = C96E81A824B190E60066A657 /* main.cpp */; };
		C96E81AD24B1911A0066A657 /* lenna.bmp in CopyFiles */ = {isa = PBXBuildFile; fileRef = C915B28D24A82BD200594E29 /* lenna.bmp */; };
		C96E81B624B1B4740066A657 /* main.cpp in Sources */ = {isa = PBXBuildFile; fileRef = C96E81B524B1B4740066A657 /* main.cpp */; };
		C96E81BB24B1B4940066A657 /* lenna.bmp in CopyFiles */ = {isa = PBXBuildFile; fileRef = C915B28D24A82BD200594E29 /* lenna.bmp */; };
		C96E81C324B212250066A657 /* main.cpp in Sources */ = {isa = PBXBuildFile; fileRef = C96E81C224B212250066A657 /* main.cpp */; };
		C96E81C724B212350066A657 /* lenna.bmp in CopyFiles */ = {isa = PBXBuildFile; fileRef = C915B28D24A82BD200594E29 /* lenna.bmp */; };
		C96E81D024B215800066A657 /* main.cpp in Sources */ = {isa = PBXBuildFile; fileRef = C96E81CF24B215800066A657 /* main.cpp */; };
		C96E81D724B215FA0066A657 /* card.bmp in CopyFiles */ = {isa = PBXBuildFile; fileRef = C96E81D624B215F20066A657 /* card.bmp */; };
		C9F22CA3249F235100CB1ADD /* main.cpp in Sources */ = {isa = PBXBuildFile; fileRef = C9F22CA2249F235100CB1ADD /* main.cpp */; };
		C9F22CAA249F242D00CB1ADD /* lenna.bmp in CopyFiles */ = {isa = PBXBuildFile; fileRef = C9F22CA9249F242800CB1ADD /* lenna.bmp */; };
		C9F22CAB249F242D00CB1ADD /* mask_smile.bmp in CopyFiles */ = {isa = PBXBuildFile; fileRef = C9F22CA8249F242800CB1ADD /* mask_smile.bmp */; };
/* End PBXBuildFile section */

/* Begin PBXCopyFilesBuildPhase section */
		C915B28324A82BBE00594E29 /* CopyFiles */ = {
			isa = PBXCopyFilesBuildPhase;
			buildActionMask = 12;
			dstPath = "";
			dstSubfolderSpec = 7;
			files = (
				C915B28E24A82BD900594E29 /* lenna.bmp in CopyFiles */,
			);
			runOnlyForDeploymentPostprocessing = 0;
		};
		C915B29224A8993B00594E29 /* CopyFiles */ = {
			isa = PBXCopyFilesBuildPhase;
			buildActionMask = 12;
			dstPath = "";
			dstSubfolderSpec = 7;
			files = (
				C915B29B24A8997900594E29 /* lenna.bmp in CopyFiles */,
			);
			runOnlyForDeploymentPostprocessing = 0;
		};
		C915B29F24A8A53F00594E29 /* CopyFiles */ = {
			isa = PBXCopyFilesBuildPhase;
			buildActionMask = 12;
			dstPath = "";
			dstSubfolderSpec = 7;
			files = (
				C915B2AB24A8BCC300594E29 /* hawkes.bmp in CopyFiles */,
				C915B2A924A8A84700594E29 /* lenna.bmp in CopyFiles */,
			);
			runOnlyForDeploymentPostprocessing = 0;
		};
		C915B2AE24A8BF7800594E29 /* CopyFiles */ = {
			isa = PBXCopyFilesBuildPhase;
			buildActionMask = 12;
			dstPath = "";
			dstSubfolderSpec = 7;
			files = (
				C915B2BF24A8C88C00594E29 /* lenna256.bmp in CopyFiles */,
				C915B2BD24A8C84600594E29 /* square.bmp in CopyFiles */,
				C915B2BB24A8C54500594E29 /* night.jpg in CopyFiles */,
				C915B2B924A8C19F00594E29 /* lenna.bmp in CopyFiles */,
			);
			runOnlyForDeploymentPostprocessing = 0;
		};
		C94727C1249E4E580009B161 /* CopyFiles */ = {
			isa = PBXCopyFilesBuildPhase;
			buildActionMask = 2147483647;
			dstPath = /usr/share/man/man1/;
			dstSubfolderSpec = 0;
			files = (
			);
			runOnlyForDeploymentPostprocessing = 1;
		};
		C94727D0249E55B30009B161 /* CopyFiles */ = {
			isa = PBXCopyFilesBuildPhase;
			buildActionMask = 12;
			dstPath = "";
			dstSubfolderSpec = 7;
			files = (
				C94727DB249E59DE0009B161 /* lenna.bmp in CopyFiles */,
			);
			runOnlyForDeploymentPostprocessing = 0;
		};
		C947280B249EE9680009B161 /* CopyFiles */ = {
			isa = PBXCopyFilesBuildPhase;
			buildActionMask = 12;
			dstPath = "";
			dstSubfolderSpec = 16;
			files = (
				C9676226249EF3DF00583F8A /* cafe.mov in CopyFiles */,
				C9676224249EEE0000583F8A /* Info.plist in CopyFiles */,
			);
			runOnlyForDeploymentPostprocessing = 0;
		};
		C964EBEC24BAD38B00FBE442 /* CopyFiles */ = {
			isa = PBXCopyFilesBuildPhase;
			buildActionMask = 12;
			dstPath = "";
			dstSubfolderSpec = 7;
			files = (
				C964EBFA24BAE7FF00FBE442 /* coins.png in CopyFiles */,
				C964EBF824BAE35100FBE442 /* building.jpg in CopyFiles */,
				C964EBF524BAD39D00FBE442 /* lenna.bmp in CopyFiles */,
			);
			runOnlyForDeploymentPostprocessing = 0;
		};
		C964EBFD24BB1E5900FBE442 /* CopyFiles */ = {
			isa = PBXCopyFilesBuildPhase;
			buildActionMask = 12;
			dstPath = "";
			dstSubfolderSpec = 7;
			files = (
				C964EC0724BB1E7400FBE442 /* lenna.bmp in CopyFiles */,
			);
			runOnlyForDeploymentPostprocessing = 0;
		};
		C964EC0A24BB2E9400FBE442 /* CopyFiles */ = {
			isa = PBXCopyFilesBuildPhase;
			buildActionMask = 12;
			dstPath = "";
			dstSubfolderSpec = 7;
			files = (
				C964EC1A24BB38CC00FBE442 /* kids.png in CopyFiles */,
				C964EC1B24BB38CC00FBE442 /* mask.bmp in CopyFiles */,
				C964EC1C24BB38CC00FBE442 /* ref.png in CopyFiles */,
				C964EC1324BB2EAA00FBE442 /* lenna.bmp in CopyFiles */,
			);
			runOnlyForDeploymentPostprocessing = 0;
		};
		C96E81A424B190E60066A657 /* CopyFiles */ = {
			isa = PBXCopyFilesBuildPhase;
			buildActionMask = 12;
			dstPath = "";
			dstSubfolderSpec = 7;
			files = (
				C96E81AD24B1911A0066A657 /* lenna.bmp in CopyFiles */,
			);
			runOnlyForDeploymentPostprocessing = 0;
		};
		C96E81B124B1B4740066A657 /* CopyFiles */ = {
			isa = PBXCopyFilesBuildPhase;
			buildActionMask = 12;
			dstPath = "";
			dstSubfolderSpec = 7;
			files = (
				C96E81BB24B1B4940066A657 /* lenna.bmp in CopyFiles */,
			);
			runOnlyForDeploymentPostprocessing = 0;
		};
		C96E81BE24B212250066A657 /* CopyFiles */ = {
			isa = PBXCopyFilesBuildPhase;
			buildActionMask = 12;
			dstPath = "";
			dstSubfolderSpec = 7;
			files = (
				C96E81C724B212350066A657 /* lenna.bmp in CopyFiles */,
			);
			runOnlyForDeploymentPostprocessing = 0;
		};
		C96E81CB24B215800066A657 /* CopyFiles */ = {
			isa = PBXCopyFilesBuildPhase;
			buildActionMask = 12;
			dstPath = "";
			dstSubfolderSpec = 7;
			files = (
				C96E81D724B215FA0066A657 /* card.bmp in CopyFiles */,
			);
			runOnlyForDeploymentPostprocessing = 0;
		};
		C9F22C9E249F235100CB1ADD /* CopyFiles */ = {
			isa = PBXCopyFilesBuildPhase;
			buildActionMask = 12;
			dstPath = "";
			dstSubfolderSpec = 7;
			files = (
				C9F22CAA249F242D00CB1ADD /* lenna.bmp in CopyFiles */,
				C9F22CAB249F242D00CB1ADD /* mask_smile.bmp in CopyFiles */,
			);
			runOnlyForDeploymentPostprocessing = 0;
		};
/* End PBXCopyFilesBuildPhase section */

/* Begin PBXFileReference section */
		C915B28524A82BBE00594E29 /* brightness */ = {isa = PBXFileReference; explicitFileType = "compiled.mach-o.executable"; includeInIndex = 0; path = brightness; sourceTree = BUILT_PRODUCTS_DIR; };
		C915B28724A82BBE00594E29 /* main.cpp */ = {isa = PBXFileReference; lastKnownFileType = sourcecode.cpp.cpp; path = main.cpp; sourceTree = "<group>"; };
		C915B28D24A82BD200594E29 /* lenna.bmp */ = {isa = PBXFileReference; lastKnownFileType = image.bmp; path = lenna.bmp; sourceTree = "<group>"; };
		C915B28F24A82BDE00594E29 /* brightness.entitlements */ = {isa = PBXFileReference; lastKnownFileType = text.plist.entitlements; path = brightness.entitlements; sourceTree = "<group>"; };
		C915B29424A8993B00594E29 /* contrast */ = {isa = PBXFileReference; explicitFileType = "compiled.mach-o.executable"; includeInIndex = 0; path = contrast; sourceTree = BUILT_PRODUCTS_DIR; };
		C915B29624A8993B00594E29 /* main.cpp */ = {isa = PBXFileReference; lastKnownFileType = sourcecode.cpp.cpp; path = main.cpp; sourceTree = "<group>"; };
		C915B29C24A8997D00594E29 /* contrast.entitlements */ = {isa = PBXFileReference; lastKnownFileType = text.plist.entitlements; path = contrast.entitlements; sourceTree = "<group>"; };
		C915B2A124A8A53F00594E29 /* histogram */ = {isa = PBXFileReference; explicitFileType = "compiled.mach-o.executable"; includeInIndex = 0; path = histogram; sourceTree = BUILT_PRODUCTS_DIR; };
		C915B2A324A8A53F00594E29 /* main.cpp */ = {isa = PBXFileReference; lastKnownFileType = sourcecode.cpp.cpp; path = main.cpp; sourceTree = "<group>"; };
		C915B2A824A8A83000594E29 /* histogram.entitlements */ = {isa = PBXFileReference; lastKnownFileType = text.plist.entitlements; path = histogram.entitlements; sourceTree = "<group>"; };
		C915B2AA24A8BCBC00594E29 /* hawkes.bmp */ = {isa = PBXFileReference; lastKnownFileType = image.bmp; path = hawkes.bmp; sourceTree = "<group>"; };
		C915B2B024A8BF7800594E29 /* operation */ = {isa = PBXFileReference; explicitFileType = "compiled.mach-o.executable"; includeInIndex = 0; path = operation; sourceTree = BUILT_PRODUCTS_DIR; };
		C915B2B224A8BF7800594E29 /* main.cpp */ = {isa = PBXFileReference; lastKnownFileType = sourcecode.cpp.cpp; path = main.cpp; sourceTree = "<group>"; };
		C915B2B724A8BF8600594E29 /* operation.entitlements */ = {isa = PBXFileReference; lastKnownFileType = text.plist.entitlements; path = operation.entitlements; sourceTree = "<group>"; };
		C915B2BA24A8C53B00594E29 /* night.jpg */ = {isa = PBXFileReference; lastKnownFileType = image.jpeg; path = night.jpg; sourceTree = "<group>"; };
		C915B2BC24A8C83F00594E29 /* square.bmp */ = {isa = PBXFileReference; lastKnownFileType = image.bmp; path = square.bmp; sourceTree = "<group>"; };
		C915B2BE24A8C88800594E29 /* lenna256.bmp */ = {isa = PBXFileReference; lastKnownFileType = image.bmp; path = lenna256.bmp; sourceTree = "<group>"; };
		C94727C3249E4E580009B161 /* start */ = {isa = PBXFileReference; explicitFileType = "compiled.mach-o.executable"; includeInIndex = 0; path = start; sourceTree = BUILT_PRODUCTS_DIR; };
		C94727C6249E4E580009B161 /* main.cpp */ = {isa = PBXFileReference; lastKnownFileType = sourcecode.cpp.cpp; path = main.cpp; sourceTree = "<group>"; };
		C94727CD249E52EA0009B161 /* start.entitlements */ = {isa = PBXFileReference; lastKnownFileType = text.plist.entitlements; path = start.entitlements; sourceTree = "<group>"; };
		C94727D2249E55B30009B161 /* image */ = {isa = PBXFileReference; explicitFileType = "compiled.mach-o.executable"; includeInIndex = 0; path = image; sourceTree = BUILT_PRODUCTS_DIR; };
		C94727D4249E55B30009B161 /* main.cpp */ = {isa = PBXFileReference; lastKnownFileType = sourcecode.cpp.cpp; name = main.cpp; path = image/main.cpp; sourceTree = SOURCE_ROOT; };
		C94727D9249E55BD0009B161 /* image.entitlements */ = {isa = PBXFileReference; lastKnownFileType = text.plist.entitlements; path = image.entitlements; sourceTree = "<group>"; };
		C94727DA249E57360009B161 /* lenna.bmp */ = {isa = PBXFileReference; lastKnownFileType = image.bmp; name = lenna.bmp; path = image/lenna.bmp; sourceTree = SOURCE_ROOT; };
		C947280D249EE9680009B161 /* video */ = {isa = PBXFileReference; explicitFileType = "compiled.mach-o.executable"; includeInIndex = 0; path = video; sourceTree = BUILT_PRODUCTS_DIR; };
		C947280F249EE9680009B161 /* main.cpp */ = {isa = PBXFileReference; lastKnownFileType = sourcecode.cpp.cpp; name = main.cpp; path = video/main.cpp; sourceTree = SOURCE_ROOT; };
		C9472814249EE9E80009B161 /* video.entitlements */ = {isa = PBXFileReference; lastKnownFileType = text.plist.entitlements; path = video.entitlements; sourceTree = "<group>"; };
		C964EBEE24BAD38B00FBE442 /* edge */ = {isa = PBXFileReference; explicitFileType = "compiled.mach-o.executable"; includeInIndex = 0; path = edge; sourceTree = BUILT_PRODUCTS_DIR; };
		C964EBF024BAD38B00FBE442 /* main.cpp */ = {isa = PBXFileReference; lastKnownFileType = sourcecode.cpp.cpp; path = main.cpp; sourceTree = "<group>"; };
		C964EBF624BAD3A100FBE442 /* edge.entitlements */ = {isa = PBXFileReference; lastKnownFileType = text.plist.entitlements; path = edge.entitlements; sourceTree = "<group>"; };
		C964EBF724BAE34800FBE442 /* building.jpg */ = {isa = PBXFileReference; lastKnownFileType = image.jpeg; path = building.jpg; sourceTree = "<group>"; };
		C964EBF924BAE7F900FBE442 /* coins.png */ = {isa = PBXFileReference; lastKnownFileType = image.png; path = coins.png; sourceTree = "<group>"; };
		C964EBFF24BB1E5900FBE442 /* color */ = {isa = PBXFileReference; explicitFileType = "compiled.mach-o.executable"; includeInIndex = 0; path = color; sourceTree = BUILT_PRODUCTS_DIR; };
		C964EC0124BB1E5900FBE442 /* main.cpp */ = {isa = PBXFileReference; lastKnownFileType = sourcecode.cpp.cpp; path = main.cpp; sourceTree = "<group>"; };
		C964EC0624BB1E6200FBE442 /* color.entitlements */ = {isa = PBXFileReference; lastKnownFileType = text.plist.entitlements; path = color.entitlements; sourceTree = "<group>"; };
		C964EC0C24BB2E9400FBE442 /* color-process */ = {isa = PBXFileReference; explicitFileType = "compiled.mach-o.executable"; includeInIndex = 0; path = "color-process"; sourceTree = BUILT_PRODUCTS_DIR; };
		C964EC0E24BB2E9400FBE442 /* main.cpp */ = {isa = PBXFileReference; lastKnownFileType = sourcecode.cpp.cpp; path = main.cpp; sourceTree = "<group>"; };
		C964EC1424BB2EB200FBE442 /* color-process.entitlements */ = {isa = PBXFileReference; lastKnownFileType = text.plist.entitlements; path = "color-process.entitlements"; sourceTree = "<group>"; };
		C964EC1524BB37DF00FBE442 /* children.jpg */ = {isa = PBXFileReference; lastKnownFileType = image.jpeg; path = children.jpg; sourceTree = "<group>"; };
		C964EC1724BB38C400FBE442 /* ref.png */ = {isa = PBXFileReference; lastKnownFileType = image.png; path = ref.png; sourceTree = "<group>"; };
		C964EC1824BB38C400FBE442 /* kids.png */ = {isa = PBXFileReference; lastKnownFileType = image.png; path = kids.png; sourceTree = "<group>"; };
		C964EC1924BB38C400FBE442 /* mask.bmp */ = {isa = PBXFileReference; lastKnownFileType = image.bmp; path = mask.bmp; sourceTree = "<group>"; };
		C9676223249EECFB00583F8A /* Info.plist */ = {isa = PBXFileReference; lastKnownFileType = text.plist.xml; path = Info.plist; sourceTree = "<group>"; };
		C9676225249EF3D800583F8A /* cafe.mov */ = {isa = PBXFileReference; lastKnownFileType = video.quicktime; path = cafe.mov; sourceTree = "<group>"; };
		C96E81A624B190E60066A657 /* filtering */ = {isa = PBXFileReference; explicitFileType = "compiled.mach-o.executable"; includeInIndex = 0; path = filtering; sourceTree = BUILT_PRODUCTS_DIR; };
		C96E81A824B190E60066A657 /* main.cpp */ = {isa = PBXFileReference; lastKnownFileType = sourcecode.cpp.cpp; path = main.cpp; sourceTree = "<group>"; };
		C96E81AE24B1911E0066A657 /* filtering.entitlements */ = {isa = PBXFileReference; lastKnownFileType = text.plist.entitlements; path = filtering.entitlements; sourceTree = "<group>"; };
		C96E81B324B1B4740066A657 /* blurring */ = {isa = PBXFileReference; explicitFileType = "compiled.mach-o.executable"; includeInIndex = 0; path = blurring; sourceTree = BUILT_PRODUCTS_DIR; };
		C96E81B524B1B4740066A657 /* main.cpp */ = {isa = PBXFileReference; lastKnownFileType = sourcecode.cpp.cpp; path = main.cpp; sourceTree = "<group>"; };
		C96E81BA24B1B48A0066A657 /* blurring.entitlements */ = {isa = PBXFileReference; lastKnownFileType = text.plist.entitlements; path = blurring.entitlements; sourceTree = "<group>"; };
		C96E81C024B212250066A657 /* affine */ = {isa = PBXFileReference; explicitFileType = "compiled.mach-o.executable"; includeInIndex = 0; path = affine; sourceTree = BUILT_PRODUCTS_DIR; };
		C96E81C224B212250066A657 /* main.cpp */ = {isa = PBXFileReference; lastKnownFileType = sourcecode.cpp.cpp; path = main.cpp; sourceTree = "<group>"; };
		C96E81C824B2123A0066A657 /* affine.entitlements */ = {isa = PBXFileReference; lastKnownFileType = text.plist.entitlements; path = affine.entitlements; sourceTree = "<group>"; };
		C96E81CD24B215800066A657 /* perspective */ = {isa = PBXFileReference; explicitFileType = "compiled.mach-o.executable"; includeInIndex = 0; path = perspective; sourceTree = BUILT_PRODUCTS_DIR; };
		C96E81CF24B215800066A657 /* main.cpp */ = {isa = PBXFileReference; lastKnownFileType = sourcecode.cpp.cpp; path = main.cpp; sourceTree = "<group>"; };
		C96E81D424B2158D0066A657 /* perspective.entitlements */ = {isa = PBXFileReference; lastKnownFileType = text.plist.entitlements; path = perspective.entitlements; sourceTree = "<group>"; };
		C96E81D624B215F20066A657 /* card.bmp */ = {isa = PBXFileReference; lastKnownFileType = image.bmp; path = card.bmp; sourceTree = "<group>"; };
		C9F22CA0249F235100CB1ADD /* mask */ = {isa = PBXFileReference; explicitFileType = "compiled.mach-o.executable"; includeInIndex = 0; path = mask; sourceTree = BUILT_PRODUCTS_DIR; };
		C9F22CA2249F235100CB1ADD /* main.cpp */ = {isa = PBXFileReference; lastKnownFileType = sourcecode.cpp.cpp; path = main.cpp; sourceTree = "<group>"; };
		C9F22CA7249F240F00CB1ADD /* mask.entitlements */ = {isa = PBXFileReference; lastKnownFileType = text.plist.entitlements; path = mask.entitlements; sourceTree = "<group>"; };
		C9F22CA8249F242800CB1ADD /* mask_smile.bmp */ = {isa = PBXFileReference; lastKnownFileType = image.bmp; path = mask_smile.bmp; sourceTree = "<group>"; };
		C9F22CA9249F242800CB1ADD /* lenna.bmp */ = {isa = PBXFileReference; lastKnownFileType = image.bmp; path = lenna.bmp; sourceTree = "<group>"; };
/* End PBXFileReference section */

/* Begin PBXFrameworksBuildPhase section */
		C915B28224A82BBE00594E29 /* Frameworks */ = {
			isa = PBXFrameworksBuildPhase;
			buildActionMask = 2147483647;
			files = (
			);
			runOnlyForDeploymentPostprocessing = 0;
		};
		C915B29124A8993B00594E29 /* Frameworks */ = {
			isa = PBXFrameworksBuildPhase;
			buildActionMask = 2147483647;
			files = (
			);
			runOnlyForDeploymentPostprocessing = 0;
		};
		C915B29E24A8A53F00594E29 /* Frameworks */ = {
			isa = PBXFrameworksBuildPhase;
			buildActionMask = 2147483647;
			files = (
			);
			runOnlyForDeploymentPostprocessing = 0;
		};
		C915B2AD24A8BF7800594E29 /* Frameworks */ = {
			isa = PBXFrameworksBuildPhase;
			buildActionMask = 2147483647;
			files = (
			);
			runOnlyForDeploymentPostprocessing = 0;
		};
		C94727C0249E4E580009B161 /* Frameworks */ = {
			isa = PBXFrameworksBuildPhase;
			buildActionMask = 2147483647;
			files = (
			);
			runOnlyForDeploymentPostprocessing = 0;
		};
		C94727CF249E55B30009B161 /* Frameworks */ = {
			isa = PBXFrameworksBuildPhase;
			buildActionMask = 2147483647;
			files = (
			);
			runOnlyForDeploymentPostprocessing = 0;
		};
		C947280A249EE9680009B161 /* Frameworks */ = {
			isa = PBXFrameworksBuildPhase;
			buildActionMask = 2147483647;
			files = (
			);
			runOnlyForDeploymentPostprocessing = 0;
		};
		C964EBEB24BAD38B00FBE442 /* Frameworks */ = {
			isa = PBXFrameworksBuildPhase;
			buildActionMask = 2147483647;
			files = (
			);
			runOnlyForDeploymentPostprocessing = 0;
		};
		C964EBFC24BB1E5900FBE442 /* Frameworks */ = {
			isa = PBXFrameworksBuildPhase;
			buildActionMask = 2147483647;
			files = (
			);
			runOnlyForDeploymentPostprocessing = 0;
		};
		C964EC0924BB2E9400FBE442 /* Frameworks */ = {
			isa = PBXFrameworksBuildPhase;
			buildActionMask = 2147483647;
			files = (
			);
			runOnlyForDeploymentPostprocessing = 0;
		};
		C96E81A324B190E60066A657 /* Frameworks */ = {
			isa = PBXFrameworksBuildPhase;
			buildActionMask = 2147483647;
			files = (
			);
			runOnlyForDeploymentPostprocessing = 0;
		};
		C96E81B024B1B4740066A657 /* Frameworks */ = {
			isa = PBXFrameworksBuildPhase;
			buildActionMask = 2147483647;
			files = (
			);
			runOnlyForDeploymentPostprocessing = 0;
		};
		C96E81BD24B212250066A657 /* Frameworks */ = {
			isa = PBXFrameworksBuildPhase;
			buildActionMask = 2147483647;
			files = (
			);
			runOnlyForDeploymentPostprocessing = 0;
		};
		C96E81CA24B215800066A657 /* Frameworks */ = {
			isa = PBXFrameworksBuildPhase;
			buildActionMask = 2147483647;
			files = (
			);
			runOnlyForDeploymentPostprocessing = 0;
		};
		C9F22C9D249F235100CB1ADD /* Frameworks */ = {
			isa = PBXFrameworksBuildPhase;
			buildActionMask = 2147483647;
			files = (
			);
			runOnlyForDeploymentPostprocessing = 0;
		};
/* End PBXFrameworksBuildPhase section */

/* Begin PBXGroup section */
		C915B28624A82BBE00594E29 /* brightness */ = {
			isa = PBXGroup;
			children = (
				C915B28F24A82BDE00594E29 /* brightness.entitlements */,
				C915B28724A82BBE00594E29 /* main.cpp */,
			);
			path = brightness;
			sourceTree = "<group>";
		};
		C915B28C24A82BD200594E29 /* files */ = {
			isa = PBXGroup;
			children = (
				C964EBF924BAE7F900FBE442 /* coins.png */,
				C964EBF724BAE34800FBE442 /* building.jpg */,
				C96E81D624B215F20066A657 /* card.bmp */,
				C915B2BE24A8C88800594E29 /* lenna256.bmp */,
				C915B2BC24A8C83F00594E29 /* square.bmp */,
				C915B2BA24A8C53B00594E29 /* night.jpg */,
				C964EC1524BB37DF00FBE442 /* children.jpg */,
				C915B2AA24A8BCBC00594E29 /* hawkes.bmp */,
				C915B28D24A82BD200594E29 /* lenna.bmp */,
				C964EC1824BB38C400FBE442 /* kids.png */,
				C964EC1924BB38C400FBE442 /* mask.bmp */,
				C964EC1724BB38C400FBE442 /* ref.png */,
			);
			path = files;
			sourceTree = "<group>";
		};
		C915B29524A8993B00594E29 /* contrast */ = {
			isa = PBXGroup;
			children = (
				C915B29C24A8997D00594E29 /* contrast.entitlements */,
				C915B29624A8993B00594E29 /* main.cpp */,
			);
			path = contrast;
			sourceTree = "<group>";
		};
		C915B2A224A8A53F00594E29 /* histogram */ = {
			isa = PBXGroup;
			children = (
				C915B2A824A8A83000594E29 /* histogram.entitlements */,
				C915B2A324A8A53F00594E29 /* main.cpp */,
			);
			path = histogram;
			sourceTree = "<group>";
		};
		C915B2B124A8BF7800594E29 /* operation */ = {
			isa = PBXGroup;
			children = (
				C915B2B724A8BF8600594E29 /* operation.entitlements */,
				C915B2B224A8BF7800594E29 /* main.cpp */,
			);
			path = operation;
			sourceTree = "<group>";
		};
		C94727BA249E4E580009B161 = {
			isa = PBXGroup;
			children = (
				C915B28C24A82BD200594E29 /* files */,
				C94727C5249E4E580009B161 /* start */,
				C94727D3249E55B30009B161 /* image */,
				C947280E249EE9680009B161 /* video */,
				C9F22CA1249F235100CB1ADD /* mask */,
				C915B28624A82BBE00594E29 /* brightness */,
				C915B29524A8993B00594E29 /* contrast */,
				C915B2A224A8A53F00594E29 /* histogram */,
				C915B2B124A8BF7800594E29 /* operation */,
				C96E81A724B190E60066A657 /* filtering */,
				C96E81B424B1B4740066A657 /* blurring */,
				C96E81C124B212250066A657 /* affine */,
				C96E81CE24B215800066A657 /* perspective */,
				C964EBEF24BAD38B00FBE442 /* edge */,
				C964EC0024BB1E5900FBE442 /* color */,
				C964EC0D24BB2E9400FBE442 /* color-process */,
				C94727C4249E4E580009B161 /* Products */,
			);
			sourceTree = "<group>";
		};
		C94727C4249E4E580009B161 /* Products */ = {
			isa = PBXGroup;
			children = (
				C94727C3249E4E580009B161 /* start */,
				C94727D2249E55B30009B161 /* image */,
				C947280D249EE9680009B161 /* video */,
				C9F22CA0249F235100CB1ADD /* mask */,
				C915B28524A82BBE00594E29 /* brightness */,
				C915B29424A8993B00594E29 /* contrast */,
				C915B2A124A8A53F00594E29 /* histogram */,
				C915B2B024A8BF7800594E29 /* operation */,
				C96E81A624B190E60066A657 /* filtering */,
				C96E81B324B1B4740066A657 /* blurring */,
				C96E81C024B212250066A657 /* affine */,
				C96E81CD24B215800066A657 /* perspective */,
				C964EBEE24BAD38B00FBE442 /* edge */,
				C964EBFF24BB1E5900FBE442 /* color */,
				C964EC0C24BB2E9400FBE442 /* color-process */,
			);
			name = Products;
			sourceTree = "<group>";
		};
		C94727C5249E4E580009B161 /* start */ = {
			isa = PBXGroup;
			children = (
				C94727CD249E52EA0009B161 /* start.entitlements */,
				C94727C6249E4E580009B161 /* main.cpp */,
			);
			path = start;
			sourceTree = "<group>";
		};
		C94727D3249E55B30009B161 /* image */ = {
			isa = PBXGroup;
			children = (
				C94727DA249E57360009B161 /* lenna.bmp */,
				C94727D9249E55BD0009B161 /* image.entitlements */,
				C94727D4249E55B30009B161 /* main.cpp */,
			);
			path = image;
			sourceTree = "<group>";
		};
		C947280E249EE9680009B161 /* video */ = {
			isa = PBXGroup;
			children = (
				C9676225249EF3D800583F8A /* cafe.mov */,
				C9472814249EE9E80009B161 /* video.entitlements */,
				C947280F249EE9680009B161 /* main.cpp */,
				C9676223249EECFB00583F8A /* Info.plist */,
			);
			path = video;
			sourceTree = "<group>";
		};
		C964EBEF24BAD38B00FBE442 /* edge */ = {
			isa = PBXGroup;
			children = (
				C964EBF624BAD3A100FBE442 /* edge.entitlements */,
				C964EBF024BAD38B00FBE442 /* main.cpp */,
			);
			path = edge;
			sourceTree = "<group>";
		};
		C964EC0024BB1E5900FBE442 /* color */ = {
			isa = PBXGroup;
			children = (
				C964EC0624BB1E6200FBE442 /* color.entitlements */,
				C964EC0124BB1E5900FBE442 /* main.cpp */,
			);
			path = color;
			sourceTree = "<group>";
		};
		C964EC0D24BB2E9400FBE442 /* color-process */ = {
			isa = PBXGroup;
			children = (
				C964EC1424BB2EB200FBE442 /* color-process.entitlements */,
				C964EC0E24BB2E9400FBE442 /* main.cpp */,
			);
			path = "color-process";
			sourceTree = "<group>";
		};
		C96E81A724B190E60066A657 /* filtering */ = {
			isa = PBXGroup;
			children = (
				C96E81AE24B1911E0066A657 /* filtering.entitlements */,
				C96E81A824B190E60066A657 /* main.cpp */,
			);
			path = filtering;
			sourceTree = "<group>";
		};
		C96E81B424B1B4740066A657 /* blurring */ = {
			isa = PBXGroup;
			children = (
				C96E81BA24B1B48A0066A657 /* blurring.entitlements */,
				C96E81B524B1B4740066A657 /* main.cpp */,
			);
			path = blurring;
			sourceTree = "<group>";
		};
		C96E81C124B212250066A657 /* affine */ = {
			isa = PBXGroup;
			children = (
				C96E81C824B2123A0066A657 /* affine.entitlements */,
				C96E81C224B212250066A657 /* main.cpp */,
			);
			path = affine;
			sourceTree = "<group>";
		};
		C96E81CE24B215800066A657 /* perspective */ = {
			isa = PBXGroup;
			children = (
				C96E81D424B2158D0066A657 /* perspective.entitlements */,
				C96E81CF24B215800066A657 /* main.cpp */,
			);
			path = perspective;
			sourceTree = "<group>";
		};
		C9F22CA1249F235100CB1ADD /* mask */ = {
			isa = PBXGroup;
			children = (
				C9F22CA9249F242800CB1ADD /* lenna.bmp */,
				C9F22CA8249F242800CB1ADD /* mask_smile.bmp */,
				C9F22CA7249F240F00CB1ADD /* mask.entitlements */,
				C9F22CA2249F235100CB1ADD /* main.cpp */,
			);
			path = mask;
			sourceTree = "<group>";
		};
/* End PBXGroup section */

/* Begin PBXNativeTarget section */
		C915B28424A82BBE00594E29 /* brightness */ = {
			isa = PBXNativeTarget;
			buildConfigurationList = C915B28B24A82BBE00594E29 /* Build configuration list for PBXNativeTarget "brightness" */;
			buildPhases = (
				C915B28124A82BBE00594E29 /* Sources */,
				C915B28224A82BBE00594E29 /* Frameworks */,
				C915B28324A82BBE00594E29 /* CopyFiles */,
			);
			buildRules = (
			);
			dependencies = (
			);
			name = brightness;
			productName = brightness;
			productReference = C915B28524A82BBE00594E29 /* brightness */;
			productType = "com.apple.product-type.tool";
		};
		C915B29324A8993B00594E29 /* contrast */ = {
			isa = PBXNativeTarget;
			buildConfigurationList = C915B29824A8993B00594E29 /* Build configuration list for PBXNativeTarget "contrast" */;
			buildPhases = (
				C915B29024A8993B00594E29 /* Sources */,
				C915B29124A8993B00594E29 /* Frameworks */,
				C915B29224A8993B00594E29 /* CopyFiles */,
			);
			buildRules = (
			);
			dependencies = (
			);
			name = contrast;
			productName = contrast;
			productReference = C915B29424A8993B00594E29 /* contrast */;
			productType = "com.apple.product-type.tool";
		};
		C915B2A024A8A53F00594E29 /* histogram */ = {
			isa = PBXNativeTarget;
			buildConfigurationList = C915B2A524A8A53F00594E29 /* Build configuration list for PBXNativeTarget "histogram" */;
			buildPhases = (
				C915B29D24A8A53F00594E29 /* Sources */,
				C915B29E24A8A53F00594E29 /* Frameworks */,
				C915B29F24A8A53F00594E29 /* CopyFiles */,
			);
			buildRules = (
			);
			dependencies = (
			);
			name = histogram;
			productName = histogram;
			productReference = C915B2A124A8A53F00594E29 /* histogram */;
			productType = "com.apple.product-type.tool";
		};
		C915B2AF24A8BF7800594E29 /* operation */ = {
			isa = PBXNativeTarget;
			buildConfigurationList = C915B2B424A8BF7800594E29 /* Build configuration list for PBXNativeTarget "operation" */;
			buildPhases = (
				C915B2AC24A8BF7800594E29 /* Sources */,
				C915B2AD24A8BF7800594E29 /* Frameworks */,
				C915B2AE24A8BF7800594E29 /* CopyFiles */,
			);
			buildRules = (
			);
			dependencies = (
			);
			name = operation;
			productName = operation;
			productReference = C915B2B024A8BF7800594E29 /* operation */;
			productType = "com.apple.product-type.tool";
		};
		C94727C2249E4E580009B161 /* start */ = {
			isa = PBXNativeTarget;
			buildConfigurationList = C94727CA249E4E580009B161 /* Build configuration list for PBXNativeTarget "start" */;
			buildPhases = (
				C94727BF249E4E580009B161 /* Sources */,
				C94727C0249E4E580009B161 /* Frameworks */,
				C94727C1249E4E580009B161 /* CopyFiles */,
			);
			buildRules = (
			);
			dependencies = (
			);
			name = start;
			productName = start;
			productReference = C94727C3249E4E580009B161 /* start */;
			productType = "com.apple.product-type.tool";
		};
		C94727D1249E55B30009B161 /* image */ = {
			isa = PBXNativeTarget;
			buildConfigurationList = C94727D6249E55B30009B161 /* Build configuration list for PBXNativeTarget "image" */;
			buildPhases = (
				C94727CE249E55B30009B161 /* Sources */,
				C94727CF249E55B30009B161 /* Frameworks */,
				C94727D0249E55B30009B161 /* CopyFiles */,
			);
			buildRules = (
			);
			dependencies = (
			);
			name = image;
			productName = image;
			productReference = C94727D2249E55B30009B161 /* image */;
			productType = "com.apple.product-type.tool";
		};
		C947280C249EE9680009B161 /* video */ = {
			isa = PBXNativeTarget;
			buildConfigurationList = C9472811249EE9680009B161 /* Build configuration list for PBXNativeTarget "video" */;
			buildPhases = (
				C9472809249EE9680009B161 /* Sources */,
				C947280A249EE9680009B161 /* Frameworks */,
				C947280B249EE9680009B161 /* CopyFiles */,
			);
			buildRules = (
			);
			dependencies = (
			);
			name = video;
			productName = video;
			productReference = C947280D249EE9680009B161 /* video */;
			productType = "com.apple.product-type.tool";
		};
		C964EBED24BAD38B00FBE442 /* edge */ = {
			isa = PBXNativeTarget;
			buildConfigurationList = C964EBF424BAD38B00FBE442 /* Build configuration list for PBXNativeTarget "edge" */;
			buildPhases = (
				C964EBEA24BAD38B00FBE442 /* Sources */,
				C964EBEB24BAD38B00FBE442 /* Frameworks */,
				C964EBEC24BAD38B00FBE442 /* CopyFiles */,
			);
			buildRules = (
			);
			dependencies = (
			);
			name = edge;
			productName = edge;
			productReference = C964EBEE24BAD38B00FBE442 /* edge */;
			productType = "com.apple.product-type.tool";
		};
		C964EBFE24BB1E5900FBE442 /* color */ = {
			isa = PBXNativeTarget;
			buildConfigurationList = C964EC0324BB1E5900FBE442 /* Build configuration list for PBXNativeTarget "color" */;
			buildPhases = (
				C964EBFB24BB1E5900FBE442 /* Sources */,
				C964EBFC24BB1E5900FBE442 /* Frameworks */,
				C964EBFD24BB1E5900FBE442 /* CopyFiles */,
			);
			buildRules = (
			);
			dependencies = (
			);
			name = color;
			productName = color;
			productReference = C964EBFF24BB1E5900FBE442 /* color */;
			productType = "com.apple.product-type.tool";
		};
		C964EC0B24BB2E9400FBE442 /* color-process */ = {
			isa = PBXNativeTarget;
			buildConfigurationList = C964EC1024BB2E9400FBE442 /* Build configuration list for PBXNativeTarget "color-process" */;
			buildPhases = (
				C964EC0824BB2E9400FBE442 /* Sources */,
				C964EC0924BB2E9400FBE442 /* Frameworks */,
				C964EC0A24BB2E9400FBE442 /* CopyFiles */,
			);
			buildRules = (
			);
			dependencies = (
			);
			name = "color-process";
			productName = "color-process";
			productReference = C964EC0C24BB2E9400FBE442 /* color-process */;
			productType = "com.apple.product-type.tool";
		};
		C96E81A524B190E60066A657 /* filtering */ = {
			isa = PBXNativeTarget;
			buildConfigurationList = C96E81AC24B190E60066A657 /* Build configuration list for PBXNativeTarget "filtering" */;
			buildPhases = (
				C96E81A224B190E60066A657 /* Sources */,
				C96E81A324B190E60066A657 /* Frameworks */,
				C96E81A424B190E60066A657 /* CopyFiles */,
			);
			buildRules = (
			);
			dependencies = (
			);
			name = filtering;
			productName = filtering;
			productReference = C96E81A624B190E60066A657 /* filtering */;
			productType = "com.apple.product-type.tool";
		};
		C96E81B224B1B4740066A657 /* blurring */ = {
			isa = PBXNativeTarget;
			buildConfigurationList = C96E81B924B1B4740066A657 /* Build configuration list for PBXNativeTarget "blurring" */;
			buildPhases = (
				C96E81AF24B1B4740066A657 /* Sources */,
				C96E81B024B1B4740066A657 /* Frameworks */,
				C96E81B124B1B4740066A657 /* CopyFiles */,
			);
			buildRules = (
			);
			dependencies = (
			);
			name = blurring;
			productName = blurring;
			productReference = C96E81B324B1B4740066A657 /* blurring */;
			productType = "com.apple.product-type.tool";
		};
		C96E81BF24B212250066A657 /* affine */ = {
			isa = PBXNativeTarget;
			buildConfigurationList = C96E81C424B212250066A657 /* Build configuration list for PBXNativeTarget "affine" */;
			buildPhases = (
				C96E81BC24B212250066A657 /* Sources */,
				C96E81BD24B212250066A657 /* Frameworks */,
				C96E81BE24B212250066A657 /* CopyFiles */,
			);
			buildRules = (
			);
			dependencies = (
			);
			name = affine;
			productName = affine;
			productReference = C96E81C024B212250066A657 /* affine */;
			productType = "com.apple.product-type.tool";
		};
		C96E81CC24B215800066A657 /* perspective */ = {
			isa = PBXNativeTarget;
			buildConfigurationList = C96E81D124B215800066A657 /* Build configuration list for PBXNativeTarget "perspective" */;
			buildPhases = (
				C96E81C924B215800066A657 /* Sources */,
				C96E81CA24B215800066A657 /* Frameworks */,
				C96E81CB24B215800066A657 /* CopyFiles */,
			);
			buildRules = (
			);
			dependencies = (
			);
			name = perspective;
			productName = perspective;
			productReference = C96E81CD24B215800066A657 /* perspective */;
			productType = "com.apple.product-type.tool";
		};
		C9F22C9F249F235100CB1ADD /* mask */ = {
			isa = PBXNativeTarget;
			buildConfigurationList = C9F22CA6249F235100CB1ADD /* Build configuration list for PBXNativeTarget "mask" */;
			buildPhases = (
				C9F22C9C249F235100CB1ADD /* Sources */,
				C9F22C9D249F235100CB1ADD /* Frameworks */,
				C9F22C9E249F235100CB1ADD /* CopyFiles */,
			);
			buildRules = (
			);
			dependencies = (
			);
			name = mask;
			productName = mask;
			productReference = C9F22CA0249F235100CB1ADD /* mask */;
			productType = "com.apple.product-type.tool";
		};
/* End PBXNativeTarget section */

/* Begin PBXProject section */
		C94727BB249E4E580009B161 /* Project object */ = {
			isa = PBXProject;
			attributes = {
				LastUpgradeCheck = 1130;
				ORGANIZATIONNAME = rurumimic;
				TargetAttributes = {
					C915B28424A82BBE00594E29 = {
						CreatedOnToolsVersion = 11.3.1;
					};
					C915B29324A8993B00594E29 = {
						CreatedOnToolsVersion = 11.3.1;
					};
					C915B2A024A8A53F00594E29 = {
						CreatedOnToolsVersion = 11.3.1;
					};
					C915B2AF24A8BF7800594E29 = {
						CreatedOnToolsVersion = 11.3.1;
					};
					C94727C2249E4E580009B161 = {
						CreatedOnToolsVersion = 11.3.1;
					};
					C94727D1249E55B30009B161 = {
						CreatedOnToolsVersion = 11.3.1;
					};
					C947280C249EE9680009B161 = {
						CreatedOnToolsVersion = 11.3.1;
					};
					C964EBED24BAD38B00FBE442 = {
						CreatedOnToolsVersion = 11.3.1;
					};
					C964EBFE24BB1E5900FBE442 = {
						CreatedOnToolsVersion = 11.3.1;
					};
					C964EC0B24BB2E9400FBE442 = {
						CreatedOnToolsVersion = 11.3.1;
					};
					C96E81A524B190E60066A657 = {
						CreatedOnToolsVersion = 11.3.1;
					};
					C96E81B224B1B4740066A657 = {
						CreatedOnToolsVersion = 11.3.1;
					};
					C96E81BF24B212250066A657 = {
						CreatedOnToolsVersion = 11.3.1;
					};
					C96E81CC24B215800066A657 = {
						CreatedOnToolsVersion = 11.3.1;
					};
					C9F22C9F249F235100CB1ADD = {
						CreatedOnToolsVersion = 11.3.1;
					};
				};
			};
			buildConfigurationList = C94727BE249E4E580009B161 /* Build configuration list for PBXProject "start" */;
			compatibilityVersion = "Xcode 9.3";
			developmentRegion = en;
			hasScannedForEncodings = 0;
			knownRegions = (
				en,
				Base,
			);
			mainGroup = C94727BA249E4E580009B161;
			productRefGroup = C94727C4249E4E580009B161 /* Products */;
			projectDirPath = "";
			projectRoot = "";
			targets = (
				C94727C2249E4E580009B161 /* start */,
				C94727D1249E55B30009B161 /* image */,
				C947280C249EE9680009B161 /* video */,
				C9F22C9F249F235100CB1ADD /* mask */,
				C915B28424A82BBE00594E29 /* brightness */,
				C915B29324A8993B00594E29 /* contrast */,
				C915B2A024A8A53F00594E29 /* histogram */,
				C915B2AF24A8BF7800594E29 /* operation */,
				C96E81A524B190E60066A657 /* filtering */,
				C96E81B224B1B4740066A657 /* blurring */,
				C96E81BF24B212250066A657 /* affine */,
				C96E81CC24B215800066A657 /* perspective */,
				C964EBED24BAD38B00FBE442 /* edge */,
				C964EBFE24BB1E5900FBE442 /* color */,
				C964EC0B24BB2E9400FBE442 /* color-process */,
			);
		};
/* End PBXProject section */

/* Begin PBXSourcesBuildPhase section */
		C915B28124A82BBE00594E29 /* Sources */ = {
			isa = PBXSourcesBuildPhase;
			buildActionMask = 2147483647;
			files = (
				C915B28824A82BBE00594E29 /* main.cpp in Sources */,
			);
			runOnlyForDeploymentPostprocessing = 0;
		};
		C915B29024A8993B00594E29 /* Sources */ = {
			isa = PBXSourcesBuildPhase;
			buildActionMask = 2147483647;
			files = (
				C915B29724A8993B00594E29 /* main.cpp in Sources */,
			);
			runOnlyForDeploymentPostprocessing = 0;
		};
		C915B29D24A8A53F00594E29 /* Sources */ = {
			isa = PBXSourcesBuildPhase;
			buildActionMask = 2147483647;
			files = (
				C915B2A424A8A53F00594E29 /* main.cpp in Sources */,
			);
			runOnlyForDeploymentPostprocessing = 0;
		};
		C915B2AC24A8BF7800594E29 /* Sources */ = {
			isa = PBXSourcesBuildPhase;
			buildActionMask = 2147483647;
			files = (
				C915B2B324A8BF7800594E29 /* main.cpp in Sources */,
			);
			runOnlyForDeploymentPostprocessing = 0;
		};
		C94727BF249E4E580009B161 /* Sources */ = {
			isa = PBXSourcesBuildPhase;
			buildActionMask = 2147483647;
			files = (
				C94727C7249E4E580009B161 /* main.cpp in Sources */,
			);
			runOnlyForDeploymentPostprocessing = 0;
		};
		C94727CE249E55B30009B161 /* Sources */ = {
			isa = PBXSourcesBuildPhase;
			buildActionMask = 2147483647;
			files = (
				C94727D5249E55B30009B161 /* main.cpp in Sources */,
			);
			runOnlyForDeploymentPostprocessing = 0;
		};
		C9472809249EE9680009B161 /* Sources */ = {
			isa = PBXSourcesBuildPhase;
			buildActionMask = 2147483647;
			files = (
				C9472810249EE9680009B161 /* main.cpp in Sources */,
			);
			runOnlyForDeploymentPostprocessing = 0;
		};
		C964EBEA24BAD38B00FBE442 /* Sources */ = {
			isa = PBXSourcesBuildPhase;
			buildActionMask = 2147483647;
			files = (
				C964EBF124BAD38B00FBE442 /* main.cpp in Sources */,
			);
			runOnlyForDeploymentPostprocessing = 0;
		};
		C964EBFB24BB1E5900FBE442 /* Sources */ = {
			isa = PBXSourcesBuildPhase;
			buildActionMask = 2147483647;
			files = (
				C964EC0224BB1E5900FBE442 /* main.cpp in Sources */,
			);
			runOnlyForDeploymentPostprocessing = 0;
		};
		C964EC0824BB2E9400FBE442 /* Sources */ = {
			isa = PBXSourcesBuildPhase;
			buildActionMask = 2147483647;
			files = (
				C964EC0F24BB2E9400FBE442 /* main.cpp in Sources */,
			);
			runOnlyForDeploymentPostprocessing = 0;
		};
		C96E81A224B190E60066A657 /* Sources */ = {
			isa = PBXSourcesBuildPhase;
			buildActionMask = 2147483647;
			files = (
				C96E81A924B190E60066A657 /* main.cpp in Sources */,
			);
			runOnlyForDeploymentPostprocessing = 0;
		};
		C96E81AF24B1B4740066A657 /* Sources */ = {
			isa = PBXSourcesBuildPhase;
			buildActionMask = 2147483647;
			files = (
				C96E81B624B1B4740066A657 /* main.cpp in Sources */,
			);
			runOnlyForDeploymentPostprocessing = 0;
		};
		C96E81BC24B212250066A657 /* Sources */ = {
			isa = PBXSourcesBuildPhase;
			buildActionMask = 2147483647;
			files = (
				C96E81C324B212250066A657 /* main.cpp in Sources */,
			);
			runOnlyForDeploymentPostprocessing = 0;
		};
		C96E81C924B215800066A657 /* Sources */ = {
			isa = PBXSourcesBuildPhase;
			buildActionMask = 2147483647;
			files = (
				C96E81D024B215800066A657 /* main.cpp in Sources */,
			);
			runOnlyForDeploymentPostprocessing = 0;
		};
		C9F22C9C249F235100CB1ADD /* Sources */ = {
			isa = PBXSourcesBuildPhase;
			buildActionMask = 2147483647;
			files = (
				C9F22CA3249F235100CB1ADD /* main.cpp in Sources */,
			);
			runOnlyForDeploymentPostprocessing = 0;
		};
/* End PBXSourcesBuildPhase section */

/* Begin XCBuildConfiguration section */
		C915B28924A82BBE00594E29 /* Debug */ = {
			isa = XCBuildConfiguration;
			buildSettings = {
				CODE_SIGN_ENTITLEMENTS = brightness/brightness.entitlements;
				CODE_SIGN_STYLE = Automatic;
				DEVELOPMENT_TEAM = 65J2F745DV;
				ENABLE_HARDENED_RUNTIME = YES;
				PRODUCT_NAME = "$(TARGET_NAME)";
			};
			name = Debug;
		};
		C915B28A24A82BBE00594E29 /* Release */ = {
			isa = XCBuildConfiguration;
			buildSettings = {
				CODE_SIGN_ENTITLEMENTS = brightness/brightness.entitlements;
				CODE_SIGN_STYLE = Automatic;
				DEVELOPMENT_TEAM = 65J2F745DV;
				ENABLE_HARDENED_RUNTIME = YES;
				PRODUCT_NAME = "$(TARGET_NAME)";
			};
			name = Release;
		};
		C915B29924A8993B00594E29 /* Debug */ = {
			isa = XCBuildConfiguration;
			buildSettings = {
				CODE_SIGN_ENTITLEMENTS = contrast/contrast.entitlements;
				CODE_SIGN_STYLE = Automatic;
				DEVELOPMENT_TEAM = 65J2F745DV;
				ENABLE_HARDENED_RUNTIME = YES;
				PRODUCT_NAME = "$(TARGET_NAME)";
			};
			name = Debug;
		};
		C915B29A24A8993B00594E29 /* Release */ = {
			isa = XCBuildConfiguration;
			buildSettings = {
				CODE_SIGN_ENTITLEMENTS = contrast/contrast.entitlements;
				CODE_SIGN_STYLE = Automatic;
				DEVELOPMENT_TEAM = 65J2F745DV;
				ENABLE_HARDENED_RUNTIME = YES;
				PRODUCT_NAME = "$(TARGET_NAME)";
			};
			name = Release;
		};
		C915B2A624A8A53F00594E29 /* Debug */ = {
			isa = XCBuildConfiguration;
			buildSettings = {
				CODE_SIGN_ENTITLEMENTS = histogram/histogram.entitlements;
				CODE_SIGN_STYLE = Automatic;
				DEVELOPMENT_ASSET_PATHS = files/lenna.bmp;
				DEVELOPMENT_TEAM = 65J2F745DV;
				ENABLE_HARDENED_RUNTIME = YES;
				PRODUCT_NAME = "$(TARGET_NAME)";
			};
			name = Debug;
		};
		C915B2A724A8A53F00594E29 /* Release */ = {
			isa = XCBuildConfiguration;
			buildSettings = {
				CODE_SIGN_ENTITLEMENTS = histogram/histogram.entitlements;
				CODE_SIGN_STYLE = Automatic;
				DEVELOPMENT_ASSET_PATHS = files/lenna.bmp;
				DEVELOPMENT_TEAM = 65J2F745DV;
				ENABLE_HARDENED_RUNTIME = YES;
				PRODUCT_NAME = "$(TARGET_NAME)";
			};
			name = Release;
		};
		C915B2B524A8BF7800594E29 /* Debug */ = {
			isa = XCBuildConfiguration;
			buildSettings = {
				CODE_SIGN_ENTITLEMENTS = operation/operation.entitlements;
				CODE_SIGN_STYLE = Automatic;
				DEVELOPMENT_TEAM = 65J2F745DV;
				ENABLE_HARDENED_RUNTIME = YES;
				PRODUCT_NAME = "$(TARGET_NAME)";
			};
			name = Debug;
		};
		C915B2B624A8BF7800594E29 /* Release */ = {
			isa = XCBuildConfiguration;
			buildSettings = {
				CODE_SIGN_ENTITLEMENTS = operation/operation.entitlements;
				CODE_SIGN_STYLE = Automatic;
				DEVELOPMENT_TEAM = 65J2F745DV;
				ENABLE_HARDENED_RUNTIME = YES;
				PRODUCT_NAME = "$(TARGET_NAME)";
			};
			name = Release;
		};
		C94727C8249E4E580009B161 /* Debug */ = {
			isa = XCBuildConfiguration;
			buildSettings = {
				ALWAYS_SEARCH_USER_PATHS = NO;
				CLANG_ANALYZER_NONNULL = YES;
				CLANG_ANALYZER_NUMBER_OBJECT_CONVERSION = YES_AGGRESSIVE;
				CLANG_CXX_LANGUAGE_STANDARD = "gnu++14";
				CLANG_CXX_LIBRARY = "libc++";
				CLANG_ENABLE_MODULES = YES;
				CLANG_ENABLE_OBJC_ARC = YES;
				CLANG_ENABLE_OBJC_WEAK = YES;
				CLANG_WARN_BLOCK_CAPTURE_AUTORELEASING = YES;
				CLANG_WARN_BOOL_CONVERSION = YES;
				CLANG_WARN_COMMA = YES;
				CLANG_WARN_CONSTANT_CONVERSION = YES;
				CLANG_WARN_DEPRECATED_OBJC_IMPLEMENTATIONS = YES;
				CLANG_WARN_DIRECT_OBJC_ISA_USAGE = YES_ERROR;
				CLANG_WARN_DOCUMENTATION_COMMENTS = YES;
				CLANG_WARN_EMPTY_BODY = YES;
				CLANG_WARN_ENUM_CONVERSION = YES;
				CLANG_WARN_INFINITE_RECURSION = YES;
				CLANG_WARN_INT_CONVERSION = YES;
				CLANG_WARN_NON_LITERAL_NULL_CONVERSION = YES;
				CLANG_WARN_OBJC_IMPLICIT_RETAIN_SELF = YES;
				CLANG_WARN_OBJC_LITERAL_CONVERSION = YES;
				CLANG_WARN_OBJC_ROOT_CLASS = YES_ERROR;
				CLANG_WARN_RANGE_LOOP_ANALYSIS = YES;
				CLANG_WARN_STRICT_PROTOTYPES = YES;
				CLANG_WARN_SUSPICIOUS_MOVE = YES;
				CLANG_WARN_UNGUARDED_AVAILABILITY = YES_AGGRESSIVE;
				CLANG_WARN_UNREACHABLE_CODE = YES;
				CLANG_WARN__DUPLICATE_METHOD_MATCH = YES;
				COPY_PHASE_STRIP = NO;
				DEBUG_INFORMATION_FORMAT = dwarf;
				ENABLE_STRICT_OBJC_MSGSEND = YES;
				ENABLE_TESTABILITY = YES;
				GCC_C_LANGUAGE_STANDARD = gnu11;
				GCC_DYNAMIC_NO_PIC = NO;
				GCC_NO_COMMON_BLOCKS = YES;
				GCC_OPTIMIZATION_LEVEL = 0;
				GCC_PREPROCESSOR_DEFINITIONS = (
					"DEBUG=1",
					"$(inherited)",
				);
				GCC_WARN_64_TO_32_BIT_CONVERSION = YES;
				GCC_WARN_ABOUT_RETURN_TYPE = YES_ERROR;
				GCC_WARN_UNDECLARED_SELECTOR = YES;
				GCC_WARN_UNINITIALIZED_AUTOS = YES_AGGRESSIVE;
				GCC_WARN_UNUSED_FUNCTION = YES;
				GCC_WARN_UNUSED_VARIABLE = YES;
				HEADER_SEARCH_PATHS = "/usr/local/Cellar/opencv/4.3.0_5/include/**";
				LIBRARY_SEARCH_PATHS = "/usr/local/Cellar/opencv/4.3.0_5/lib/**";
				MACOSX_DEPLOYMENT_TARGET = 10.14;
				MTL_ENABLE_DEBUG_INFO = INCLUDE_SOURCE;
				MTL_FAST_MATH = YES;
				ONLY_ACTIVE_ARCH = YES;
				OTHER_LDFLAGS = (
					"-I/usr/local/Cellar/opencv/4.3.0_5/include/opencv4/opencv",
					"-I/usr/local/Cellar/opencv/4.3.0_5/include/opencv4",
					"-L/usr/local/Cellar/opencv/4.3.0_5/lib",
					"-lopencv_gapi",
					"-lopencv_stitching",
					"-lopencv_alphamat",
					"-lopencv_aruco",
					"-lopencv_bgsegm",
					"-lopencv_bioinspired",
					"-lopencv_ccalib",
					"-lopencv_dnn_objdetect",
					"-lopencv_dnn_superres",
					"-lopencv_dpm",
					"-lopencv_highgui",
					"-lopencv_face",
					"-lopencv_freetype",
					"-lopencv_fuzzy",
					"-lopencv_hfs",
					"-lopencv_img_hash",
					"-lopencv_intensity_transform",
					"-lopencv_line_descriptor",
					"-lopencv_quality",
					"-lopencv_rapid",
					"-lopencv_reg",
					"-lopencv_rgbd",
					"-lopencv_saliency",
					"-lopencv_sfm",
					"-lopencv_stereo",
					"-lopencv_structured_light",
					"-lopencv_phase_unwrapping",
					"-lopencv_superres",
					"-lopencv_optflow",
					"-lopencv_surface_matching",
					"-lopencv_tracking",
					"-lopencv_datasets",
					"-lopencv_text",
					"-lopencv_dnn",
					"-lopencv_plot",
					"-lopencv_videostab",
					"-lopencv_videoio",
					"-lopencv_xfeatures2d",
					"-lopencv_shape",
					"-lopencv_ml",
					"-lopencv_ximgproc",
					"-lopencv_video",
					"-lopencv_xobjdetect",
					"-lopencv_objdetect",
					"-lopencv_calib3d",
					"-lopencv_imgcodecs",
					"-lopencv_features2d",
					"-lopencv_flann",
					"-lopencv_xphoto",
					"-lopencv_photo",
					"-lopencv_imgproc",
					"-lopencv_core",
				);
				SDKROOT = macosx;
			};
			name = Debug;
		};
		C94727C9249E4E580009B161 /* Release */ = {
			isa = XCBuildConfiguration;
			buildSettings = {
				ALWAYS_SEARCH_USER_PATHS = NO;
				CLANG_ANALYZER_NONNULL = YES;
				CLANG_ANALYZER_NUMBER_OBJECT_CONVERSION = YES_AGGRESSIVE;
				CLANG_CXX_LANGUAGE_STANDARD = "gnu++14";
				CLANG_CXX_LIBRARY = "libc++";
				CLANG_ENABLE_MODULES = YES;
				CLANG_ENABLE_OBJC_ARC = YES;
				CLANG_ENABLE_OBJC_WEAK = YES;
				CLANG_WARN_BLOCK_CAPTURE_AUTORELEASING = YES;
				CLANG_WARN_BOOL_CONVERSION = YES;
				CLANG_WARN_COMMA = YES;
				CLANG_WARN_CONSTANT_CONVERSION = YES;
				CLANG_WARN_DEPRECATED_OBJC_IMPLEMENTATIONS = YES;
				CLANG_WARN_DIRECT_OBJC_ISA_USAGE = YES_ERROR;
				CLANG_WARN_DOCUMENTATION_COMMENTS = YES;
				CLANG_WARN_EMPTY_BODY = YES;
				CLANG_WARN_ENUM_CONVERSION = YES;
				CLANG_WARN_INFINITE_RECURSION = YES;
				CLANG_WARN_INT_CONVERSION = YES;
				CLANG_WARN_NON_LITERAL_NULL_CONVERSION = YES;
				CLANG_WARN_OBJC_IMPLICIT_RETAIN_SELF = YES;
				CLANG_WARN_OBJC_LITERAL_CONVERSION = YES;
				CLANG_WARN_OBJC_ROOT_CLASS = YES_ERROR;
				CLANG_WARN_RANGE_LOOP_ANALYSIS = YES;
				CLANG_WARN_STRICT_PROTOTYPES = YES;
				CLANG_WARN_SUSPICIOUS_MOVE = YES;
				CLANG_WARN_UNGUARDED_AVAILABILITY = YES_AGGRESSIVE;
				CLANG_WARN_UNREACHABLE_CODE = YES;
				CLANG_WARN__DUPLICATE_METHOD_MATCH = YES;
				COPY_PHASE_STRIP = NO;
				DEBUG_INFORMATION_FORMAT = "dwarf-with-dsym";
				ENABLE_NS_ASSERTIONS = NO;
				ENABLE_STRICT_OBJC_MSGSEND = YES;
				GCC_C_LANGUAGE_STANDARD = gnu11;
				GCC_NO_COMMON_BLOCKS = YES;
				GCC_WARN_64_TO_32_BIT_CONVERSION = YES;
				GCC_WARN_ABOUT_RETURN_TYPE = YES_ERROR;
				GCC_WARN_UNDECLARED_SELECTOR = YES;
				GCC_WARN_UNINITIALIZED_AUTOS = YES_AGGRESSIVE;
				GCC_WARN_UNUSED_FUNCTION = YES;
				GCC_WARN_UNUSED_VARIABLE = YES;
				HEADER_SEARCH_PATHS = "/usr/local/Cellar/opencv/4.3.0_5/include/**";
				LIBRARY_SEARCH_PATHS = "/usr/local/Cellar/opencv/4.3.0_5/lib/**";
				MACOSX_DEPLOYMENT_TARGET = 10.14;
				MTL_ENABLE_DEBUG_INFO = NO;
				MTL_FAST_MATH = YES;
				OTHER_LDFLAGS = (
					"-I/usr/local/Cellar/opencv/4.3.0_5/include/opencv4/opencv",
					"-I/usr/local/Cellar/opencv/4.3.0_5/include/opencv4",
					"-L/usr/local/Cellar/opencv/4.3.0_5/lib",
					"-lopencv_gapi",
					"-lopencv_stitching",
					"-lopencv_alphamat",
					"-lopencv_aruco",
					"-lopencv_bgsegm",
					"-lopencv_bioinspired",
					"-lopencv_ccalib",
					"-lopencv_dnn_objdetect",
					"-lopencv_dnn_superres",
					"-lopencv_dpm",
					"-lopencv_highgui",
					"-lopencv_face",
					"-lopencv_freetype",
					"-lopencv_fuzzy",
					"-lopencv_hfs",
					"-lopencv_img_hash",
					"-lopencv_intensity_transform",
					"-lopencv_line_descriptor",
					"-lopencv_quality",
					"-lopencv_rapid",
					"-lopencv_reg",
					"-lopencv_rgbd",
					"-lopencv_saliency",
					"-lopencv_sfm",
					"-lopencv_stereo",
					"-lopencv_structured_light",
					"-lopencv_phase_unwrapping",
					"-lopencv_superres",
					"-lopencv_optflow",
					"-lopencv_surface_matching",
					"-lopencv_tracking",
					"-lopencv_datasets",
					"-lopencv_text",
					"-lopencv_dnn",
					"-lopencv_plot",
					"-lopencv_videostab",
					"-lopencv_videoio",
					"-lopencv_xfeatures2d",
					"-lopencv_shape",
					"-lopencv_ml",
					"-lopencv_ximgproc",
					"-lopencv_video",
					"-lopencv_xobjdetect",
					"-lopencv_objdetect",
					"-lopencv_calib3d",
					"-lopencv_imgcodecs",
					"-lopencv_features2d",
					"-lopencv_flann",
					"-lopencv_xphoto",
					"-lopencv_photo",
					"-lopencv_imgproc",
					"-lopencv_core",
				);
				SDKROOT = macosx;
			};
			name = Release;
		};
		C94727CB249E4E580009B161 /* Debug */ = {
			isa = XCBuildConfiguration;
			buildSettings = {
				CODE_SIGN_ENTITLEMENTS = start/start.entitlements;
				CODE_SIGN_STYLE = Automatic;
				DEVELOPMENT_TEAM = 65J2F745DV;
				ENABLE_HARDENED_RUNTIME = YES;
				HEADER_SEARCH_PATHS = "/usr/local/Cellar/opencv/4.3.0_5/include/**";
				LIBRARY_SEARCH_PATHS = "/usr/local/Cellar/opencv/4.3.0_5/lib/**";
				OTHER_LDFLAGS = (
					"-I/usr/local/Cellar/opencv/4.3.0_5/include/opencv4/opencv",
					"-I/usr/local/Cellar/opencv/4.3.0_5/include/opencv4",
					"-L/usr/local/Cellar/opencv/4.3.0_5/lib",
					"-lopencv_gapi",
					"-lopencv_stitching",
					"-lopencv_alphamat",
					"-lopencv_aruco",
					"-lopencv_bgsegm",
					"-lopencv_bioinspired",
					"-lopencv_ccalib",
					"-lopencv_dnn_objdetect",
					"-lopencv_dnn_superres",
					"-lopencv_dpm",
					"-lopencv_highgui",
					"-lopencv_face",
					"-lopencv_freetype",
					"-lopencv_fuzzy",
					"-lopencv_hfs",
					"-lopencv_img_hash",
					"-lopencv_intensity_transform",
					"-lopencv_line_descriptor",
					"-lopencv_quality",
					"-lopencv_rapid",
					"-lopencv_reg",
					"-lopencv_rgbd",
					"-lopencv_saliency",
					"-lopencv_sfm",
					"-lopencv_stereo",
					"-lopencv_structured_light",
					"-lopencv_phase_unwrapping",
					"-lopencv_superres",
					"-lopencv_optflow",
					"-lopencv_surface_matching",
					"-lopencv_tracking",
					"-lopencv_datasets",
					"-lopencv_text",
					"-lopencv_dnn",
					"-lopencv_plot",
					"-lopencv_videostab",
					"-lopencv_videoio",
					"-lopencv_xfeatures2d",
					"-lopencv_shape",
					"-lopencv_ml",
					"-lopencv_ximgproc",
					"-lopencv_video",
					"-lopencv_xobjdetect",
					"-lopencv_objdetect",
					"-lopencv_calib3d",
					"-lopencv_imgcodecs",
					"-lopencv_features2d",
					"-lopencv_flann",
					"-lopencv_xphoto",
					"-lopencv_photo",
					"-lopencv_imgproc",
					"-lopencv_core",
				);
				PRODUCT_NAME = "$(TARGET_NAME)";
			};
			name = Debug;
		};
		C94727CC249E4E580009B161 /* Release */ = {
			isa = XCBuildConfiguration;
			buildSettings = {
				CODE_SIGN_ENTITLEMENTS = start/start.entitlements;
				CODE_SIGN_STYLE = Automatic;
				DEVELOPMENT_TEAM = 65J2F745DV;
				ENABLE_HARDENED_RUNTIME = YES;
				HEADER_SEARCH_PATHS = "/usr/local/Cellar/opencv/4.3.0_5/include/**";
				LIBRARY_SEARCH_PATHS = "/usr/local/Cellar/opencv/4.3.0_5/lib/**";
				OTHER_LDFLAGS = (
					"-I/usr/local/Cellar/opencv/4.3.0_5/include/opencv4/opencv",
					"-I/usr/local/Cellar/opencv/4.3.0_5/include/opencv4",
					"-L/usr/local/Cellar/opencv/4.3.0_5/lib",
					"-lopencv_gapi",
					"-lopencv_stitching",
					"-lopencv_alphamat",
					"-lopencv_aruco",
					"-lopencv_bgsegm",
					"-lopencv_bioinspired",
					"-lopencv_ccalib",
					"-lopencv_dnn_objdetect",
					"-lopencv_dnn_superres",
					"-lopencv_dpm",
					"-lopencv_highgui",
					"-lopencv_face",
					"-lopencv_freetype",
					"-lopencv_fuzzy",
					"-lopencv_hfs",
					"-lopencv_img_hash",
					"-lopencv_intensity_transform",
					"-lopencv_line_descriptor",
					"-lopencv_quality",
					"-lopencv_rapid",
					"-lopencv_reg",
					"-lopencv_rgbd",
					"-lopencv_saliency",
					"-lopencv_sfm",
					"-lopencv_stereo",
					"-lopencv_structured_light",
					"-lopencv_phase_unwrapping",
					"-lopencv_superres",
					"-lopencv_optflow",
					"-lopencv_surface_matching",
					"-lopencv_tracking",
					"-lopencv_datasets",
					"-lopencv_text",
					"-lopencv_dnn",
					"-lopencv_plot",
					"-lopencv_videostab",
					"-lopencv_videoio",
					"-lopencv_xfeatures2d",
					"-lopencv_shape",
					"-lopencv_ml",
					"-lopencv_ximgproc",
					"-lopencv_video",
					"-lopencv_xobjdetect",
					"-lopencv_objdetect",
					"-lopencv_calib3d",
					"-lopencv_imgcodecs",
					"-lopencv_features2d",
					"-lopencv_flann",
					"-lopencv_xphoto",
					"-lopencv_photo",
					"-lopencv_imgproc",
					"-lopencv_core",
				);
				PRODUCT_NAME = "$(TARGET_NAME)";
			};
			name = Release;
		};
		C94727D7249E55B30009B161 /* Debug */ = {
			isa = XCBuildConfiguration;
			buildSettings = {
				CODE_SIGN_ENTITLEMENTS = image/image.entitlements;
				CODE_SIGN_STYLE = Automatic;
				DEVELOPMENT_TEAM = 65J2F745DV;
				ENABLE_HARDENED_RUNTIME = YES;
				HEADER_SEARCH_PATHS = "/usr/local/Cellar/opencv/4.3.0_5/include/**";
				LIBRARY_SEARCH_PATHS = "/usr/local/Cellar/opencv/4.3.0_5/lib/**";
				OTHER_LDFLAGS = (
					"-I/usr/local/Cellar/opencv/4.3.0_5/include/opencv4/opencv",
					"-I/usr/local/Cellar/opencv/4.3.0_5/include/opencv4",
					"-L/usr/local/Cellar/opencv/4.3.0_5/lib",
					"-lopencv_gapi",
					"-lopencv_stitching",
					"-lopencv_alphamat",
					"-lopencv_aruco",
					"-lopencv_bgsegm",
					"-lopencv_bioinspired",
					"-lopencv_ccalib",
					"-lopencv_dnn_objdetect",
					"-lopencv_dnn_superres",
					"-lopencv_dpm",
					"-lopencv_highgui",
					"-lopencv_face",
					"-lopencv_freetype",
					"-lopencv_fuzzy",
					"-lopencv_hfs",
					"-lopencv_img_hash",
					"-lopencv_intensity_transform",
					"-lopencv_line_descriptor",
					"-lopencv_quality",
					"-lopencv_rapid",
					"-lopencv_reg",
					"-lopencv_rgbd",
					"-lopencv_saliency",
					"-lopencv_sfm",
					"-lopencv_stereo",
					"-lopencv_structured_light",
					"-lopencv_phase_unwrapping",
					"-lopencv_superres",
					"-lopencv_optflow",
					"-lopencv_surface_matching",
					"-lopencv_tracking",
					"-lopencv_datasets",
					"-lopencv_text",
					"-lopencv_dnn",
					"-lopencv_plot",
					"-lopencv_videostab",
					"-lopencv_videoio",
					"-lopencv_xfeatures2d",
					"-lopencv_shape",
					"-lopencv_ml",
					"-lopencv_ximgproc",
					"-lopencv_video",
					"-lopencv_xobjdetect",
					"-lopencv_objdetect",
					"-lopencv_calib3d",
					"-lopencv_imgcodecs",
					"-lopencv_features2d",
					"-lopencv_flann",
					"-lopencv_xphoto",
					"-lopencv_photo",
					"-lopencv_imgproc",
					"-lopencv_core",
				);
				PRODUCT_NAME = "$(TARGET_NAME)";
			};
			name = Debug;
		};
		C94727D8249E55B30009B161 /* Release */ = {
			isa = XCBuildConfiguration;
			buildSettings = {
				CODE_SIGN_ENTITLEMENTS = image/image.entitlements;
				CODE_SIGN_STYLE = Automatic;
				DEVELOPMENT_TEAM = 65J2F745DV;
				ENABLE_HARDENED_RUNTIME = YES;
				HEADER_SEARCH_PATHS = "/usr/local/Cellar/opencv/4.3.0_5/include/**";
				LIBRARY_SEARCH_PATHS = "/usr/local/Cellar/opencv/4.3.0_5/lib/**";
				OTHER_LDFLAGS = (
					"-I/usr/local/Cellar/opencv/4.3.0_5/include/opencv4/opencv",
					"-I/usr/local/Cellar/opencv/4.3.0_5/include/opencv4",
					"-L/usr/local/Cellar/opencv/4.3.0_5/lib",
					"-lopencv_gapi",
					"-lopencv_stitching",
					"-lopencv_alphamat",
					"-lopencv_aruco",
					"-lopencv_bgsegm",
					"-lopencv_bioinspired",
					"-lopencv_ccalib",
					"-lopencv_dnn_objdetect",
					"-lopencv_dnn_superres",
					"-lopencv_dpm",
					"-lopencv_highgui",
					"-lopencv_face",
					"-lopencv_freetype",
					"-lopencv_fuzzy",
					"-lopencv_hfs",
					"-lopencv_img_hash",
					"-lopencv_intensity_transform",
					"-lopencv_line_descriptor",
					"-lopencv_quality",
					"-lopencv_rapid",
					"-lopencv_reg",
					"-lopencv_rgbd",
					"-lopencv_saliency",
					"-lopencv_sfm",
					"-lopencv_stereo",
					"-lopencv_structured_light",
					"-lopencv_phase_unwrapping",
					"-lopencv_superres",
					"-lopencv_optflow",
					"-lopencv_surface_matching",
					"-lopencv_tracking",
					"-lopencv_datasets",
					"-lopencv_text",
					"-lopencv_dnn",
					"-lopencv_plot",
					"-lopencv_videostab",
					"-lopencv_videoio",
					"-lopencv_xfeatures2d",
					"-lopencv_shape",
					"-lopencv_ml",
					"-lopencv_ximgproc",
					"-lopencv_video",
					"-lopencv_xobjdetect",
					"-lopencv_objdetect",
					"-lopencv_calib3d",
					"-lopencv_imgcodecs",
					"-lopencv_features2d",
					"-lopencv_flann",
					"-lopencv_xphoto",
					"-lopencv_photo",
					"-lopencv_imgproc",
					"-lopencv_core",
				);
				PRODUCT_NAME = "$(TARGET_NAME)";
			};
			name = Release;
		};
		C9472812249EE9680009B161 /* Debug */ = {
			isa = XCBuildConfiguration;
			buildSettings = {
				CODE_SIGN_ENTITLEMENTS = video/video.entitlements;
				CODE_SIGN_STYLE = Automatic;
				DEVELOPMENT_TEAM = 65J2F745DV;
				ENABLE_HARDENED_RUNTIME = YES;
				HEADER_SEARCH_PATHS = "/usr/local/Cellar/opencv/4.3.0_5/include/**";
				INFOPLIST_FILE = "$(SRCROOT)/video/Info.plist";
				LIBRARY_SEARCH_PATHS = "/usr/local/Cellar/opencv/4.3.0_5/lib/**";
				OTHER_LDFLAGS = (
					"-I/usr/local/Cellar/opencv/4.3.0_5/include/opencv4/opencv",
					"-I/usr/local/Cellar/opencv/4.3.0_5/include/opencv4",
					"-L/usr/local/Cellar/opencv/4.3.0_5/lib",
					"-lopencv_gapi",
					"-lopencv_stitching",
					"-lopencv_alphamat",
					"-lopencv_aruco",
					"-lopencv_bgsegm",
					"-lopencv_bioinspired",
					"-lopencv_ccalib",
					"-lopencv_dnn_objdetect",
					"-lopencv_dnn_superres",
					"-lopencv_dpm",
					"-lopencv_highgui",
					"-lopencv_face",
					"-lopencv_freetype",
					"-lopencv_fuzzy",
					"-lopencv_hfs",
					"-lopencv_img_hash",
					"-lopencv_intensity_transform",
					"-lopencv_line_descriptor",
					"-lopencv_quality",
					"-lopencv_rapid",
					"-lopencv_reg",
					"-lopencv_rgbd",
					"-lopencv_saliency",
					"-lopencv_sfm",
					"-lopencv_stereo",
					"-lopencv_structured_light",
					"-lopencv_phase_unwrapping",
					"-lopencv_superres",
					"-lopencv_optflow",
					"-lopencv_surface_matching",
					"-lopencv_tracking",
					"-lopencv_datasets",
					"-lopencv_text",
					"-lopencv_dnn",
					"-lopencv_plot",
					"-lopencv_videostab",
					"-lopencv_videoio",
					"-lopencv_xfeatures2d",
					"-lopencv_shape",
					"-lopencv_ml",
					"-lopencv_ximgproc",
					"-lopencv_video",
					"-lopencv_xobjdetect",
					"-lopencv_objdetect",
					"-lopencv_calib3d",
					"-lopencv_imgcodecs",
					"-lopencv_features2d",
					"-lopencv_flann",
					"-lopencv_xphoto",
					"-lopencv_photo",
					"-lopencv_imgproc",
					"-lopencv_core",
				);
				PRODUCT_NAME = "$(TARGET_NAME)";
			};
			name = Debug;
		};
		C9472813249EE9680009B161 /* Release */ = {
			isa = XCBuildConfiguration;
			buildSettings = {
				CODE_SIGN_ENTITLEMENTS = video/video.entitlements;
				CODE_SIGN_STYLE = Automatic;
				DEVELOPMENT_TEAM = 65J2F745DV;
				ENABLE_HARDENED_RUNTIME = YES;
				HEADER_SEARCH_PATHS = "/usr/local/Cellar/opencv/4.3.0_5/include/**";
				INFOPLIST_FILE = "$(SRCROOT)/video/Info.plist";
				LIBRARY_SEARCH_PATHS = "/usr/local/Cellar/opencv/4.3.0_5/lib/**";
				OTHER_LDFLAGS = (
					"-I/usr/local/Cellar/opencv/4.3.0_5/include/opencv4/opencv",
					"-I/usr/local/Cellar/opencv/4.3.0_5/include/opencv4",
					"-L/usr/local/Cellar/opencv/4.3.0_5/lib",
					"-lopencv_gapi",
					"-lopencv_stitching",
					"-lopencv_alphamat",
					"-lopencv_aruco",
					"-lopencv_bgsegm",
					"-lopencv_bioinspired",
					"-lopencv_ccalib",
					"-lopencv_dnn_objdetect",
					"-lopencv_dnn_superres",
					"-lopencv_dpm",
					"-lopencv_highgui",
					"-lopencv_face",
					"-lopencv_freetype",
					"-lopencv_fuzzy",
					"-lopencv_hfs",
					"-lopencv_img_hash",
					"-lopencv_intensity_transform",
					"-lopencv_line_descriptor",
					"-lopencv_quality",
					"-lopencv_rapid",
					"-lopencv_reg",
					"-lopencv_rgbd",
					"-lopencv_saliency",
					"-lopencv_sfm",
					"-lopencv_stereo",
					"-lopencv_structured_light",
					"-lopencv_phase_unwrapping",
					"-lopencv_superres",
					"-lopencv_optflow",
					"-lopencv_surface_matching",
					"-lopencv_tracking",
					"-lopencv_datasets",
					"-lopencv_text",
					"-lopencv_dnn",
					"-lopencv_plot",
					"-lopencv_videostab",
					"-lopencv_videoio",
					"-lopencv_xfeatures2d",
					"-lopencv_shape",
					"-lopencv_ml",
					"-lopencv_ximgproc",
					"-lopencv_video",
					"-lopencv_xobjdetect",
					"-lopencv_objdetect",
					"-lopencv_calib3d",
					"-lopencv_imgcodecs",
					"-lopencv_features2d",
					"-lopencv_flann",
					"-lopencv_xphoto",
					"-lopencv_photo",
					"-lopencv_imgproc",
					"-lopencv_core",
				);
				PRODUCT_NAME = "$(TARGET_NAME)";
			};
			name = Release;
		};
		C964EBF224BAD38B00FBE442 /* Debug */ = {
			isa = XCBuildConfiguration;
			buildSettings = {
				CODE_SIGN_ENTITLEMENTS = edge/edge.entitlements;
				CODE_SIGN_STYLE = Automatic;
				DEVELOPMENT_TEAM = 65J2F745DV;
				ENABLE_HARDENED_RUNTIME = YES;
				PRODUCT_NAME = "$(TARGET_NAME)";
			};
			name = Debug;
		};
		C964EBF324BAD38B00FBE442 /* Release */ = {
			isa = XCBuildConfiguration;
			buildSettings = {
				CODE_SIGN_ENTITLEMENTS = edge/edge.entitlements;
				CODE_SIGN_STYLE = Automatic;
				DEVELOPMENT_TEAM = 65J2F745DV;
				ENABLE_HARDENED_RUNTIME = YES;
				PRODUCT_NAME = "$(TARGET_NAME)";
			};
			name = Release;
		};
		C964EC0424BB1E5900FBE442 /* Debug */ = {
			isa = XCBuildConfiguration;
			buildSettings = {
				CODE_SIGN_ENTITLEMENTS = color/color.entitlements;
				CODE_SIGN_STYLE = Automatic;
				DEVELOPMENT_TEAM = 65J2F745DV;
				ENABLE_HARDENED_RUNTIME = YES;
				PRODUCT_NAME = "$(TARGET_NAME)";
			};
			name = Debug;
		};
		C964EC0524BB1E5900FBE442 /* Release */ = {
			isa = XCBuildConfiguration;
			buildSettings = {
				CODE_SIGN_ENTITLEMENTS = color/color.entitlements;
				CODE_SIGN_STYLE = Automatic;
				DEVELOPMENT_TEAM = 65J2F745DV;
				ENABLE_HARDENED_RUNTIME = YES;
				PRODUCT_NAME = "$(TARGET_NAME)";
			};
			name = Release;
		};
		C964EC1124BB2E9400FBE442 /* Debug */ = {
			isa = XCBuildConfiguration;
			buildSettings = {
				CODE_SIGN_ENTITLEMENTS = "color-process/color-process.entitlements";
				CODE_SIGN_STYLE = Automatic;
				DEVELOPMENT_TEAM = 65J2F745DV;
				ENABLE_HARDENED_RUNTIME = YES;
				PRODUCT_NAME = "$(TARGET_NAME)";
			};
			name = Debug;
		};
		C964EC1224BB2E9400FBE442 /* Release */ = {
			isa = XCBuildConfiguration;
			buildSettings = {
				CODE_SIGN_ENTITLEMENTS = "color-process/color-process.entitlements";
				CODE_SIGN_STYLE = Automatic;
				DEVELOPMENT_TEAM = 65J2F745DV;
				ENABLE_HARDENED_RUNTIME = YES;
				PRODUCT_NAME = "$(TARGET_NAME)";
			};
			name = Release;
		};
		C96E81AA24B190E60066A657 /* Debug */ = {
			isa = XCBuildConfiguration;
			buildSettings = {
				CODE_SIGN_ENTITLEMENTS = filtering/filtering.entitlements;
				CODE_SIGN_STYLE = Automatic;
				DEVELOPMENT_TEAM = 65J2F745DV;
				ENABLE_HARDENED_RUNTIME = YES;
				PRODUCT_NAME = "$(TARGET_NAME)";
			};
			name = Debug;
		};
		C96E81AB24B190E60066A657 /* Release */ = {
			isa = XCBuildConfiguration;
			buildSettings = {
				CODE_SIGN_ENTITLEMENTS = filtering/filtering.entitlements;
				CODE_SIGN_STYLE = Automatic;
				DEVELOPMENT_TEAM = 65J2F745DV;
				ENABLE_HARDENED_RUNTIME = YES;
				PRODUCT_NAME = "$(TARGET_NAME)";
			};
			name = Release;
		};
		C96E81B724B1B4740066A657 /* Debug */ = {
			isa = XCBuildConfiguration;
			buildSettings = {
				CODE_SIGN_ENTITLEMENTS = blurring/blurring.entitlements;
				CODE_SIGN_STYLE = Automatic;
				DEVELOPMENT_TEAM = 65J2F745DV;
				ENABLE_HARDENED_RUNTIME = YES;
				PRODUCT_NAME = "$(TARGET_NAME)";
			};
			name = Debug;
		};
		C96E81B824B1B4740066A657 /* Release */ = {
			isa = XCBuildConfiguration;
			buildSettings = {
				CODE_SIGN_ENTITLEMENTS = blurring/blurring.entitlements;
				CODE_SIGN_STYLE = Automatic;
				DEVELOPMENT_TEAM = 65J2F745DV;
				ENABLE_HARDENED_RUNTIME = YES;
				PRODUCT_NAME = "$(TARGET_NAME)";
			};
			name = Release;
		};
		C96E81C524B212250066A657 /* Debug */ = {
			isa = XCBuildConfiguration;
			buildSettings = {
				CODE_SIGN_ENTITLEMENTS = affine/affine.entitlements;
				CODE_SIGN_STYLE = Automatic;
				DEVELOPMENT_TEAM = 65J2F745DV;
				ENABLE_HARDENED_RUNTIME = YES;
				PRODUCT_NAME = "$(TARGET_NAME)";
			};
			name = Debug;
		};
		C96E81C624B212250066A657 /* Release */ = {
			isa = XCBuildConfiguration;
			buildSettings = {
				CODE_SIGN_ENTITLEMENTS = affine/affine.entitlements;
				CODE_SIGN_STYLE = Automatic;
				DEVELOPMENT_TEAM = 65J2F745DV;
				ENABLE_HARDENED_RUNTIME = YES;
				PRODUCT_NAME = "$(TARGET_NAME)";
			};
			name = Release;
		};
		C96E81D224B215800066A657 /* Debug */ = {
			isa = XCBuildConfiguration;
			buildSettings = {
				CODE_SIGN_ENTITLEMENTS = perspective/perspective.entitlements;
				CODE_SIGN_STYLE = Automatic;
				DEVELOPMENT_TEAM = 65J2F745DV;
				ENABLE_HARDENED_RUNTIME = YES;
				PRODUCT_NAME = "$(TARGET_NAME)";
			};
			name = Debug;
		};
		C96E81D324B215800066A657 /* Release */ = {
			isa = XCBuildConfiguration;
			buildSettings = {
				CODE_SIGN_ENTITLEMENTS = perspective/perspective.entitlements;
				CODE_SIGN_STYLE = Automatic;
				DEVELOPMENT_TEAM = 65J2F745DV;
				ENABLE_HARDENED_RUNTIME = YES;
				PRODUCT_NAME = "$(TARGET_NAME)";
			};
			name = Release;
		};
		C9F22CA4249F235100CB1ADD /* Debug */ = {
			isa = XCBuildConfiguration;
			buildSettings = {
				CODE_SIGN_ENTITLEMENTS = mask/mask.entitlements;
				CODE_SIGN_STYLE = Automatic;
				DEVELOPMENT_TEAM = 65J2F745DV;
				ENABLE_HARDENED_RUNTIME = YES;
				PRODUCT_NAME = "$(TARGET_NAME)";
			};
			name = Debug;
		};
		C9F22CA5249F235100CB1ADD /* Release */ = {
			isa = XCBuildConfiguration;
			buildSettings = {
				CODE_SIGN_ENTITLEMENTS = mask/mask.entitlements;
				CODE_SIGN_STYLE = Automatic;
				DEVELOPMENT_TEAM = 65J2F745DV;
				ENABLE_HARDENED_RUNTIME = YES;
				PRODUCT_NAME = "$(TARGET_NAME)";
			};
			name = Release;
		};
/* End XCBuildConfiguration section */

/* Begin XCConfigurationList section */
		C915B28B24A82BBE00594E29 /* Build configuration list for PBXNativeTarget "brightness" */ = {
			isa = XCConfigurationList;
			buildConfigurations = (
				C915B28924A82BBE00594E29 /* Debug */,
				C915B28A24A82BBE00594E29 /* Release */,
			);
			defaultConfigurationIsVisible = 0;
			defaultConfigurationName = Release;
		};
		C915B29824A8993B00594E29 /* Build configuration list for PBXNativeTarget "contrast" */ = {
			isa = XCConfigurationList;
			buildConfigurations = (
				C915B29924A8993B00594E29 /* Debug */,
				C915B29A24A8993B00594E29 /* Release */,
			);
			defaultConfigurationIsVisible = 0;
			defaultConfigurationName = Release;
		};
		C915B2A524A8A53F00594E29 /* Build configuration list for PBXNativeTarget "histogram" */ = {
			isa = XCConfigurationList;
			buildConfigurations = (
				C915B2A624A8A53F00594E29 /* Debug */,
				C915B2A724A8A53F00594E29 /* Release */,
			);
			defaultConfigurationIsVisible = 0;
			defaultConfigurationName = Release;
		};
		C915B2B424A8BF7800594E29 /* Build configuration list for PBXNativeTarget "operation" */ = {
			isa = XCConfigurationList;
			buildConfigurations = (
				C915B2B524A8BF7800594E29 /* Debug */,
				C915B2B624A8BF7800594E29 /* Release */,
			);
			defaultConfigurationIsVisible = 0;
			defaultConfigurationName = Release;
		};
		C94727BE249E4E580009B161 /* Build configuration list for PBXProject "start" */ = {
			isa = XCConfigurationList;
			buildConfigurations = (
				C94727C8249E4E580009B161 /* Debug */,
				C94727C9249E4E580009B161 /* Release */,
			);
			defaultConfigurationIsVisible = 0;
			defaultConfigurationName = Release;
		};
		C94727CA249E4E580009B161 /* Build configuration list for PBXNativeTarget "start" */ = {
			isa = XCConfigurationList;
			buildConfigurations = (
				C94727CB249E4E580009B161 /* Debug */,
				C94727CC249E4E580009B161 /* Release */,
			);
			defaultConfigurationIsVisible = 0;
			defaultConfigurationName = Release;
		};
		C94727D6249E55B30009B161 /* Build configuration list for PBXNativeTarget "image" */ = {
			isa = XCConfigurationList;
			buildConfigurations = (
				C94727D7249E55B30009B161 /* Debug */,
				C94727D8249E55B30009B161 /* Release */,
			);
			defaultConfigurationIsVisible = 0;
			defaultConfigurationName = Release;
		};
		C9472811249EE9680009B161 /* Build configuration list for PBXNativeTarget "video" */ = {
			isa = XCConfigurationList;
			buildConfigurations = (
				C9472812249EE9680009B161 /* Debug */,
				C9472813249EE9680009B161 /* Release */,
			);
			defaultConfigurationIsVisible = 0;
			defaultConfigurationName = Release;
		};
		C964EBF424BAD38B00FBE442 /* Build configuration list for PBXNativeTarget "edge" */ = {
			isa = XCConfigurationList;
			buildConfigurations = (
				C964EBF224BAD38B00FBE442 /* Debug */,
				C964EBF324BAD38B00FBE442 /* Release */,
			);
			defaultConfigurationIsVisible = 0;
			defaultConfigurationName = Release;
		};
		C964EC0324BB1E5900FBE442 /* Build configuration list for PBXNativeTarget "color" */ = {
			isa = XCConfigurationList;
			buildConfigurations = (
				C964EC0424BB1E5900FBE442 /* Debug */,
				C964EC0524BB1E5900FBE442 /* Release */,
			);
			defaultConfigurationIsVisible = 0;
			defaultConfigurationName = Release;
		};
		C964EC1024BB2E9400FBE442 /* Build configuration list for PBXNativeTarget "color-process" */ = {
			isa = XCConfigurationList;
			buildConfigurations = (
				C964EC1124BB2E9400FBE442 /* Debug */,
				C964EC1224BB2E9400FBE442 /* Release */,
			);
			defaultConfigurationIsVisible = 0;
			defaultConfigurationName = Release;
		};
		C96E81AC24B190E60066A657 /* Build configuration list for PBXNativeTarget "filtering" */ = {
			isa = XCConfigurationList;
			buildConfigurations = (
				C96E81AA24B190E60066A657 /* Debug */,
				C96E81AB24B190E60066A657 /* Release */,
			);
			defaultConfigurationIsVisible = 0;
			defaultConfigurationName = Release;
		};
		C96E81B924B1B4740066A657 /* Build configuration list for PBXNativeTarget "blurring" */ = {
			isa = XCConfigurationList;
			buildConfigurations = (
				C96E81B724B1B4740066A657 /* Debug */,
				C96E81B824B1B4740066A657 /* Release */,
			);
			defaultConfigurationIsVisible = 0;
			defaultConfigurationName = Release;
		};
		C96E81C424B212250066A657 /* Build configuration list for PBXNativeTarget "affine" */ = {
			isa = XCConfigurationList;
			buildConfigurations = (
				C96E81C524B212250066A657 /* Debug */,
				C96E81C624B212250066A657 /* Release */,
			);
			defaultConfigurationIsVisible = 0;
			defaultConfigurationName = Release;
		};
		C96E81D124B215800066A657 /* Build configuration list for PBXNativeTarget "perspective" */ = {
			isa = XCConfigurationList;
			buildConfigurations = (
				C96E81D224B215800066A657 /* Debug */,
				C96E81D324B215800066A657 /* Release */,
			);
			defaultConfigurationIsVisible = 0;
			defaultConfigurationName = Release;
		};
		C9F22CA6249F235100CB1ADD /* Build configuration list for PBXNativeTarget "mask" */ = {
			isa = XCConfigurationList;
			buildConfigurations = (
				C9F22CA4249F235100CB1ADD /* Debug */,
				C9F22CA5249F235100CB1ADD /* Release */,
			);
			defaultConfigurationIsVisible = 0;
			defaultConfigurationName = Release;
		};
/* End XCConfigurationList section */
	};
	rootObject = C94727BB249E4E580009B161 /* Project object */;
}
